// !$*UTF8*$!
{
	archiveVersion = 1;
	classes = {
	};
	objectVersion = 51;
	objects = {

/* Begin PBXBuildFile section */
		23F39A31A0420E3037CF8214 /* Pods_WYJKitDemo.framework in Frameworks */ = {isa = PBXBuildFile; fileRef = 57EC6E7EF1AC034D23110B08 /* Pods_WYJKitDemo.framework */; };
		63243FBF2589E20A0065688B /* RSA.m in Sources */ = {isa = PBXBuildFile; fileRef = 63243FAE2589E20A0065688B /* RSA.m */; };
		63243FC02589E20A0065688B /* ViewController.swift in Sources */ = {isa = PBXBuildFile; fileRef = 63243FB12589E20A0065688B /* ViewController.swift */; };
		63243FC12589E20A0065688B /* Assets.xcassets in Resources */ = {isa = PBXBuildFile; fileRef = 63243FB22589E20A0065688B /* Assets.xcassets */; };
		63243FC22589E20A0065688B /* MyViewController.swift in Sources */ = {isa = PBXBuildFile; fileRef = 63243FB32589E20A0065688B /* MyViewController.swift */; };
		63243FC32589E20A0065688B /* LaunchScreen.storyboard in Resources */ = {isa = PBXBuildFile; fileRef = 63243FB42589E20A0065688B /* LaunchScreen.storyboard */; };
		63243FC42589E20A0065688B /* Main.storyboard in Resources */ = {isa = PBXBuildFile; fileRef = 63243FB62589E20A0065688B /* Main.storyboard */; };
		63243FC52589E20A0065688B /* NoData.png in Resources */ = {isa = PBXBuildFile; fileRef = 63243FB82589E20A0065688B /* NoData.png */; };
		63243FC62589E20A0065688B /* WeChat66467de1e87eb0c1de1a8add1099df0b.png in Resources */ = {isa = PBXBuildFile; fileRef = 63243FBA2589E20A0065688B /* WeChat66467de1e87eb0c1de1a8add1099df0b.png */; };
		63243FC72589E20A0065688B /* AppDelegate.swift in Sources */ = {isa = PBXBuildFile; fileRef = 63243FBB2589E20A0065688B /* AppDelegate.swift */; };
		6324402C2589E2100065688B /* WYJImage.swift in Sources */ = {isa = PBXBuildFile; fileRef = 63243FD02589E2100065688B /* WYJImage.swift */; };
		6324402D2589E2100065688B /* WYJLabel.swift in Sources */ = {isa = PBXBuildFile; fileRef = 63243FD22589E2100065688B /* WYJLabel.swift */; };
		6324402E2589E2100065688B /* WYJGradientLabel.swift in Sources */ = {isa = PBXBuildFile; fileRef = 63243FD32589E2100065688B /* WYJGradientLabel.swift */; };
		6324402F2589E2100065688B /* WYJButton.swift in Sources */ = {isa = PBXBuildFile; fileRef = 63243FD52589E2100065688B /* WYJButton.swift */; };
		632440302589E2100065688B /* WYJCountDownButton.swift in Sources */ = {isa = PBXBuildFile; fileRef = 63243FD62589E2100065688B /* WYJCountDownButton.swift */; };
		632440312589E2100065688B /* WYJColor.swift in Sources */ = {isa = PBXBuildFile; fileRef = 63243FD82589E2100065688B /* WYJColor.swift */; };
		632440322589E2100065688B /* WYJAlert.swift in Sources */ = {isa = PBXBuildFile; fileRef = 63243FDA2589E2100065688B /* WYJAlert.swift */; };
		632440332589E2100065688B /* WYJView.swift in Sources */ = {isa = PBXBuildFile; fileRef = 63243FDC2589E2100065688B /* WYJView.swift */; };
		632440342589E2100065688B /* WYJDatePickerViewController.swift in Sources */ = {isa = PBXBuildFile; fileRef = 63243FDE2589E2100065688B /* WYJDatePickerViewController.swift */; };
		632440352589E2100065688B /* WYJTextView.swift in Sources */ = {isa = PBXBuildFile; fileRef = 63243FE02589E2100065688B /* WYJTextView.swift */; };
		632440362589E2100065688B /* WYJBlockGesture.swift in Sources */ = {isa = PBXBuildFile; fileRef = 63243FE22589E2100065688B /* WYJBlockGesture.swift */; };
		632440372589E2100065688B /* WYJDevice.swift in Sources */ = {isa = PBXBuildFile; fileRef = 63243FE42589E2100065688B /* WYJDevice.swift */; };
		632440382589E2100065688B /* WYJBaseCollectionView.swift in Sources */ = {isa = PBXBuildFile; fileRef = 63243FE62589E2100065688B /* WYJBaseCollectionView.swift */; };
		632440392589E2100065688B /* WYJBaseViewController.swift in Sources */ = {isa = PBXBuildFile; fileRef = 63243FE82589E2100065688B /* WYJBaseViewController.swift */; };
		6324403A2589E2100065688B /* WYJViewController.swift in Sources */ = {isa = PBXBuildFile; fileRef = 63243FE92589E2100065688B /* WYJViewController.swift */; };
		6324403B2589E2100065688B /* WYJBaseNavigationController.swift in Sources */ = {isa = PBXBuildFile; fileRef = 63243FEB2589E2100065688B /* WYJBaseNavigationController.swift */; };
		6324403C2589E2100065688B /* WYJTableViewDelegate.swift in Sources */ = {isa = PBXBuildFile; fileRef = 63243FED2589E2100065688B /* WYJTableViewDelegate.swift */; };
		6324403D2589E2100065688B /* WYJBaseTableView.swift in Sources */ = {isa = PBXBuildFile; fileRef = 63243FEE2589E2100065688B /* WYJBaseTableView.swift */; };
		6324403E2589E2100065688B /* WYJTextField.swift in Sources */ = {isa = PBXBuildFile; fileRef = 63243FF02589E2100065688B /* WYJTextField.swift */; };
		6324403F2589E2100065688B /* WYJToolManager.swift in Sources */ = {isa = PBXBuildFile; fileRef = 63243FF22589E2100065688B /* WYJToolManager.swift */; };
		632440402589E2100065688B /* WYJThen.swift in Sources */ = {isa = PBXBuildFile; fileRef = 63243FF52589E2100065688B /* WYJThen.swift */; };
		632440412589E2100065688B /* WYJDispatchQueue.swift in Sources */ = {isa = PBXBuildFile; fileRef = 63243FF72589E2100065688B /* WYJDispatchQueue.swift */; };
		632440422589E2100065688B /* WYJCustomDataType.swift in Sources */ = {isa = PBXBuildFile; fileRef = 63243FF92589E2100065688B /* WYJCustomDataType.swift */; };
		632440432589E2100065688B /* WYJCodable.swift in Sources */ = {isa = PBXBuildFile; fileRef = 63243FFA2589E2100065688B /* WYJCodable.swift */; };
		632440442589E2100065688B /* WYJArray.swift in Sources */ = {isa = PBXBuildFile; fileRef = 63243FFC2589E2100065688B /* WYJArray.swift */; };
		632440452589E2100065688B /* WYJDate.swift in Sources */ = {isa = PBXBuildFile; fileRef = 63243FFE2589E2100065688B /* WYJDate.swift */; };
		632440462589E2100065688B /* WYJInt.swift in Sources */ = {isa = PBXBuildFile; fileRef = 632440002589E2100065688B /* WYJInt.swift */; };
		632440472589E2100065688B /* WYJDictionary.swift in Sources */ = {isa = PBXBuildFile; fileRef = 632440022589E2100065688B /* WYJDictionary.swift */; };
		632440482589E2100065688B /* WYJFloat.swift in Sources */ = {isa = PBXBuildFile; fileRef = 632440042589E2100065688B /* WYJFloat.swift */; };
		632440492589E2100065688B /* WYJDouble.swift in Sources */ = {isa = PBXBuildFile; fileRef = 632440062589E2100065688B /* WYJDouble.swift */; };
		6324404A2589E2100065688B /* WYJOperation.swift in Sources */ = {isa = PBXBuildFile; fileRef = 632440082589E2100065688B /* WYJOperation.swift */; };
		6324404B2589E2100065688B /* WYJString.swift in Sources */ = {isa = PBXBuildFile; fileRef = 6324400A2589E2100065688B /* WYJString.swift */; };
		6324404C2589E2100065688B /* WYJAttributedString.swift in Sources */ = {isa = PBXBuildFile; fileRef = 6324400B2589E2100065688B /* WYJAttributedString.swift */; };
		6324404D2589E2100065688B /* WYJObject.swift in Sources */ = {isa = PBXBuildFile; fileRef = 6324400D2589E2100065688B /* WYJObject.swift */; };
		6324404E2589E2100065688B /* WYJData.swift in Sources */ = {isa = PBXBuildFile; fileRef = 6324400F2589E2100065688B /* WYJData.swift */; };
		6324404F2589E2100065688B /* WYJJSON.swift in Sources */ = {isa = PBXBuildFile; fileRef = 632440112589E2100065688B /* WYJJSON.swift */; };
		632440502589E2100065688B /* WYJAlamofire.swift in Sources */ = {isa = PBXBuildFile; fileRef = 632440132589E2100065688B /* WYJAlamofire.swift */; };
		632440512589E2100065688B /* WYJHUD.swift in Sources */ = {isa = PBXBuildFile; fileRef = 632440152589E2100065688B /* WYJHUD.swift */; };
		632440522589E2100065688B /* WYJRegular.swift in Sources */ = {isa = PBXBuildFile; fileRef = 632440182589E2100065688B /* WYJRegular.swift */; };
		632440532589E2100065688B /* WYJPageViewController.swift in Sources */ = {isa = PBXBuildFile; fileRef = 6324401A2589E2100065688B /* WYJPageViewController.swift */; };
		632440542589E2100065688B /* WYJConfigurable.swift in Sources */ = {isa = PBXBuildFile; fileRef = 6324401C2589E2100065688B /* WYJConfigurable.swift */; };
		632440552589E2100065688B /* WYJAppInfo.swift in Sources */ = {isa = PBXBuildFile; fileRef = 6324401E2589E2100065688B /* WYJAppInfo.swift */; };
		632440562589E2100065688B /* WYJSystem.swift in Sources */ = {isa = PBXBuildFile; fileRef = 632440202589E2100065688B /* WYJSystem.swift */; };
		632440572589E2100065688B /* WYJTouchIDManager.swift in Sources */ = {isa = PBXBuildFile; fileRef = 632440222589E2100065688B /* WYJTouchIDManager.swift */; };
		632440582589E2100065688B /* WYJLocation.swift in Sources */ = {isa = PBXBuildFile; fileRef = 632440242589E2100065688B /* WYJLocation.swift */; };
		632440592589E2100065688B /* WYJPermissionsDetection.swift in Sources */ = {isa = PBXBuildFile; fileRef = 632440262589E2100065688B /* WYJPermissionsDetection.swift */; };
		6324405A2589E2100065688B /* WYJCameraController.swift in Sources */ = {isa = PBXBuildFile; fileRef = 632440282589E2100065688B /* WYJCameraController.swift */; };
		6324405B2589E2100065688B /* address-code.json in Resources */ = {isa = PBXBuildFile; fileRef = 6324402A2589E2100065688B /* address-code.json */; };
		6324405C2589E2100065688B /* Images.xcassets in Resources */ = {isa = PBXBuildFile; fileRef = 6324402B2589E2100065688B /* Images.xcassets */; };
		632440732589E3D10065688B /* WYJProtocol.swift in Sources */ = {isa = PBXBuildFile; fileRef = 632440722589E3D10065688B /* WYJProtocol.swift */; };
		63327F9E2591A0C8008C99B5 /* WYJKits.podspec in Resources */ = {isa = PBXBuildFile; fileRef = 63327F9D2591A0C8008C99B5 /* WYJKits.podspec */; };
		635CA05625B9217000BC49CB /* WYJUserDefaults.swift in Sources */ = {isa = PBXBuildFile; fileRef = 635CA05525B9217000BC49CB /* WYJUserDefaults.swift */; };
		6390EE2D25B824C200F694B5 /* unhide.sh in Resources */ = {isa = PBXBuildFile; fileRef = 6390EE2C25B824C200F694B5 /* unhide.sh */; };
		63D60C1925AC21A100E9587D /* WYJTableView.swift in Sources */ = {isa = PBXBuildFile; fileRef = 63D60C1825AC21A100E9587D /* WYJTableView.swift */; };
		63D60C2125AC22E600E9587D /* WYJCollectionView.swift in Sources */ = {isa = PBXBuildFile; fileRef = 63D60C2025AC22E600E9587D /* WYJCollectionView.swift */; };
/* End PBXBuildFile section */

/* Begin PBXContainerItemProxy section */
		04901FD5249CA2650086A508 /* PBXContainerItemProxy */ = {
			isa = PBXContainerItemProxy;
			containerPortal = 04901FB6249CA25F0086A508 /* Project object */;
			proxyType = 1;
			remoteGlobalIDString = 04901FBD249CA25F0086A508;
			remoteInfo = YJSwiftKit;
		};
		04901FE0249CA2650086A508 /* PBXContainerItemProxy */ = {
			isa = PBXContainerItemProxy;
			containerPortal = 04901FB6249CA25F0086A508 /* Project object */;
			proxyType = 1;
			remoteGlobalIDString = 04901FBD249CA25F0086A508;
			remoteInfo = YJSwiftKit;
		};
/* End PBXContainerItemProxy section */

/* Begin PBXFileReference section */
		04901FBE249CA25F0086A508 /* WYJKitDemo.app */ = {isa = PBXFileReference; explicitFileType = wrapper.application; includeInIndex = 0; path = WYJKitDemo.app; sourceTree = BUILT_PRODUCTS_DIR; };
		04901FD4249CA2650086A508 /* WYJKitDemoTests.xctest */ = {isa = PBXFileReference; explicitFileType = wrapper.cfbundle; includeInIndex = 0; path = WYJKitDemoTests.xctest; sourceTree = BUILT_PRODUCTS_DIR; };
		04901FDF249CA2650086A508 /* WYJKitDemoUITests.xctest */ = {isa = PBXFileReference; explicitFileType = wrapper.cfbundle; includeInIndex = 0; path = WYJKitDemoUITests.xctest; sourceTree = BUILT_PRODUCTS_DIR; };
		1BEBF068CD58975CC4EF7587 /* Pods-YXKitDemo.release.xcconfig */ = {isa = PBXFileReference; includeInIndex = 1; lastKnownFileType = text.xcconfig; name = "Pods-YXKitDemo.release.xcconfig"; path = "Target Support Files/Pods-YXKitDemo/Pods-YXKitDemo.release.xcconfig"; sourceTree = "<group>"; };
		29AD45FC63BFB14FECC0E0AE /* Pods-WYJKitDemo.release.xcconfig */ = {isa = PBXFileReference; includeInIndex = 1; lastKnownFileType = text.xcconfig; name = "Pods-WYJKitDemo.release.xcconfig"; path = "Target Support Files/Pods-WYJKitDemo/Pods-WYJKitDemo.release.xcconfig"; sourceTree = "<group>"; };
		38518928AD5ACCDA2E21AF37 /* Pods-YJSwiftKit.debug.xcconfig */ = {isa = PBXFileReference; includeInIndex = 1; lastKnownFileType = text.xcconfig; name = "Pods-YJSwiftKit.debug.xcconfig"; path = "Target Support Files/Pods-YJSwiftKit/Pods-YJSwiftKit.debug.xcconfig"; sourceTree = "<group>"; };
		43527D8192BD4580F87ED551 /* Pods-QYKit.release.xcconfig */ = {isa = PBXFileReference; includeInIndex = 1; lastKnownFileType = text.xcconfig; name = "Pods-QYKit.release.xcconfig"; path = "Target Support Files/Pods-QYKit/Pods-QYKit.release.xcconfig"; sourceTree = "<group>"; };
		57EC6E7EF1AC034D23110B08 /* Pods_WYJKitDemo.framework */ = {isa = PBXFileReference; explicitFileType = wrapper.framework; includeInIndex = 0; path = Pods_WYJKitDemo.framework; sourceTree = BUILT_PRODUCTS_DIR; };
		63243FAE2589E20A0065688B /* RSA.m */ = {isa = PBXFileReference; fileEncoding = 4; lastKnownFileType = sourcecode.c.objc; path = RSA.m; sourceTree = "<group>"; };
		63243FAF2589E20A0065688B /* RSA.h */ = {isa = PBXFileReference; fileEncoding = 4; lastKnownFileType = sourcecode.c.h; path = RSA.h; sourceTree = "<group>"; };
		63243FB12589E20A0065688B /* ViewController.swift */ = {isa = PBXFileReference; fileEncoding = 4; lastKnownFileType = sourcecode.swift; path = ViewController.swift; sourceTree = "<group>"; };
		63243FB22589E20A0065688B /* Assets.xcassets */ = {isa = PBXFileReference; lastKnownFileType = folder.assetcatalog; path = Assets.xcassets; sourceTree = "<group>"; };
		63243FB32589E20A0065688B /* MyViewController.swift */ = {isa = PBXFileReference; fileEncoding = 4; lastKnownFileType = sourcecode.swift; path = MyViewController.swift; sourceTree = "<group>"; };
		63243FB52589E20A0065688B /* Base */ = {isa = PBXFileReference; lastKnownFileType = file.storyboard; name = Base; path = Base.lproj/LaunchScreen.storyboard; sourceTree = "<group>"; };
		63243FB72589E20A0065688B /* Base */ = {isa = PBXFileReference; lastKnownFileType = file.storyboard; name = Base; path = Base.lproj/Main.storyboard; sourceTree = "<group>"; };
		63243FB82589E20A0065688B /* NoData.png */ = {isa = PBXFileReference; lastKnownFileType = image.png; path = NoData.png; sourceTree = "<group>"; };
		63243FB92589E20A0065688B /* MyPlayground.playground */ = {isa = PBXFileReference; lastKnownFileType = file.playground; path = MyPlayground.playground; sourceTree = "<group>"; };
		63243FBA2589E20A0065688B /* WeChat66467de1e87eb0c1de1a8add1099df0b.png */ = {isa = PBXFileReference; lastKnownFileType = image.png; path = WeChat66467de1e87eb0c1de1a8add1099df0b.png; sourceTree = "<group>"; };
		63243FBB2589E20A0065688B /* AppDelegate.swift */ = {isa = PBXFileReference; fileEncoding = 4; lastKnownFileType = sourcecode.swift; path = AppDelegate.swift; sourceTree = "<group>"; };
		63243FBC2589E20A0065688B /* MyPlayground.playground */ = {isa = PBXFileReference; lastKnownFileType = file.playground; path = MyPlayground.playground; sourceTree = "<group>"; };
		63243FBD2589E20A0065688B /* WYJKits-Bridging-Header.h */ = {isa = PBXFileReference; fileEncoding = 4; lastKnownFileType = sourcecode.c.h; path = "WYJKits-Bridging-Header.h"; sourceTree = "<group>"; };
		63243FBE2589E20A0065688B /* Info.plist */ = {isa = PBXFileReference; fileEncoding = 4; lastKnownFileType = text.plist.xml; path = Info.plist; sourceTree = "<group>"; };
		63243FD02589E2100065688B /* WYJImage.swift */ = {isa = PBXFileReference; fileEncoding = 4; lastKnownFileType = sourcecode.swift; path = WYJImage.swift; sourceTree = "<group>"; };
		63243FD22589E2100065688B /* WYJLabel.swift */ = {isa = PBXFileReference; fileEncoding = 4; lastKnownFileType = sourcecode.swift; path = WYJLabel.swift; sourceTree = "<group>"; };
		63243FD32589E2100065688B /* WYJGradientLabel.swift */ = {isa = PBXFileReference; fileEncoding = 4; lastKnownFileType = sourcecode.swift; path = WYJGradientLabel.swift; sourceTree = "<group>"; };
		63243FD52589E2100065688B /* WYJButton.swift */ = {isa = PBXFileReference; fileEncoding = 4; lastKnownFileType = sourcecode.swift; path = WYJButton.swift; sourceTree = "<group>"; };
		63243FD62589E2100065688B /* WYJCountDownButton.swift */ = {isa = PBXFileReference; fileEncoding = 4; lastKnownFileType = sourcecode.swift; path = WYJCountDownButton.swift; sourceTree = "<group>"; };
		63243FD82589E2100065688B /* WYJColor.swift */ = {isa = PBXFileReference; fileEncoding = 4; lastKnownFileType = sourcecode.swift; path = WYJColor.swift; sourceTree = "<group>"; };
		63243FDA2589E2100065688B /* WYJAlert.swift */ = {isa = PBXFileReference; fileEncoding = 4; lastKnownFileType = sourcecode.swift; path = WYJAlert.swift; sourceTree = "<group>"; };
		63243FDC2589E2100065688B /* WYJView.swift */ = {isa = PBXFileReference; fileEncoding = 4; lastKnownFileType = sourcecode.swift; path = WYJView.swift; sourceTree = "<group>"; };
		63243FDE2589E2100065688B /* WYJDatePickerViewController.swift */ = {isa = PBXFileReference; fileEncoding = 4; lastKnownFileType = sourcecode.swift; path = WYJDatePickerViewController.swift; sourceTree = "<group>"; };
		63243FE02589E2100065688B /* WYJTextView.swift */ = {isa = PBXFileReference; fileEncoding = 4; lastKnownFileType = sourcecode.swift; path = WYJTextView.swift; sourceTree = "<group>"; };
		63243FE22589E2100065688B /* WYJBlockGesture.swift */ = {isa = PBXFileReference; fileEncoding = 4; lastKnownFileType = sourcecode.swift; path = WYJBlockGesture.swift; sourceTree = "<group>"; };
		63243FE42589E2100065688B /* WYJDevice.swift */ = {isa = PBXFileReference; fileEncoding = 4; lastKnownFileType = sourcecode.swift; path = WYJDevice.swift; sourceTree = "<group>"; };
		63243FE62589E2100065688B /* WYJBaseCollectionView.swift */ = {isa = PBXFileReference; fileEncoding = 4; lastKnownFileType = sourcecode.swift; path = WYJBaseCollectionView.swift; sourceTree = "<group>"; };
		63243FE82589E2100065688B /* WYJBaseViewController.swift */ = {isa = PBXFileReference; fileEncoding = 4; lastKnownFileType = sourcecode.swift; path = WYJBaseViewController.swift; sourceTree = "<group>"; };
		63243FE92589E2100065688B /* WYJViewController.swift */ = {isa = PBXFileReference; fileEncoding = 4; lastKnownFileType = sourcecode.swift; path = WYJViewController.swift; sourceTree = "<group>"; };
		63243FEB2589E2100065688B /* WYJBaseNavigationController.swift */ = {isa = PBXFileReference; fileEncoding = 4; lastKnownFileType = sourcecode.swift; path = WYJBaseNavigationController.swift; sourceTree = "<group>"; };
		63243FED2589E2100065688B /* WYJTableViewDelegate.swift */ = {isa = PBXFileReference; fileEncoding = 4; lastKnownFileType = sourcecode.swift; path = WYJTableViewDelegate.swift; sourceTree = "<group>"; };
		63243FEE2589E2100065688B /* WYJBaseTableView.swift */ = {isa = PBXFileReference; fileEncoding = 4; lastKnownFileType = sourcecode.swift; path = WYJBaseTableView.swift; sourceTree = "<group>"; };
		63243FF02589E2100065688B /* WYJTextField.swift */ = {isa = PBXFileReference; fileEncoding = 4; lastKnownFileType = sourcecode.swift; path = WYJTextField.swift; sourceTree = "<group>"; };
		63243FF22589E2100065688B /* WYJToolManager.swift */ = {isa = PBXFileReference; fileEncoding = 4; lastKnownFileType = sourcecode.swift; path = WYJToolManager.swift; sourceTree = "<group>"; };
		63243FF52589E2100065688B /* WYJThen.swift */ = {isa = PBXFileReference; fileEncoding = 4; lastKnownFileType = sourcecode.swift; path = WYJThen.swift; sourceTree = "<group>"; };
		63243FF72589E2100065688B /* WYJDispatchQueue.swift */ = {isa = PBXFileReference; fileEncoding = 4; lastKnownFileType = sourcecode.swift; path = WYJDispatchQueue.swift; sourceTree = "<group>"; };
		63243FF92589E2100065688B /* WYJCustomDataType.swift */ = {isa = PBXFileReference; fileEncoding = 4; lastKnownFileType = sourcecode.swift; path = WYJCustomDataType.swift; sourceTree = "<group>"; };
		63243FFA2589E2100065688B /* WYJCodable.swift */ = {isa = PBXFileReference; fileEncoding = 4; lastKnownFileType = sourcecode.swift; path = WYJCodable.swift; sourceTree = "<group>"; };
		63243FFC2589E2100065688B /* WYJArray.swift */ = {isa = PBXFileReference; fileEncoding = 4; lastKnownFileType = sourcecode.swift; path = WYJArray.swift; sourceTree = "<group>"; };
		63243FFE2589E2100065688B /* WYJDate.swift */ = {isa = PBXFileReference; fileEncoding = 4; lastKnownFileType = sourcecode.swift; path = WYJDate.swift; sourceTree = "<group>"; };
		632440002589E2100065688B /* WYJInt.swift */ = {isa = PBXFileReference; fileEncoding = 4; lastKnownFileType = sourcecode.swift; path = WYJInt.swift; sourceTree = "<group>"; };
		632440022589E2100065688B /* WYJDictionary.swift */ = {isa = PBXFileReference; fileEncoding = 4; lastKnownFileType = sourcecode.swift; path = WYJDictionary.swift; sourceTree = "<group>"; };
		632440042589E2100065688B /* WYJFloat.swift */ = {isa = PBXFileReference; fileEncoding = 4; lastKnownFileType = sourcecode.swift; path = WYJFloat.swift; sourceTree = "<group>"; };
		632440062589E2100065688B /* WYJDouble.swift */ = {isa = PBXFileReference; fileEncoding = 4; lastKnownFileType = sourcecode.swift; path = WYJDouble.swift; sourceTree = "<group>"; };
		632440082589E2100065688B /* WYJOperation.swift */ = {isa = PBXFileReference; fileEncoding = 4; lastKnownFileType = sourcecode.swift; path = WYJOperation.swift; sourceTree = "<group>"; };
		6324400A2589E2100065688B /* WYJString.swift */ = {isa = PBXFileReference; fileEncoding = 4; lastKnownFileType = sourcecode.swift; path = WYJString.swift; sourceTree = "<group>"; };
		6324400B2589E2100065688B /* WYJAttributedString.swift */ = {isa = PBXFileReference; fileEncoding = 4; lastKnownFileType = sourcecode.swift; path = WYJAttributedString.swift; sourceTree = "<group>"; };
		6324400D2589E2100065688B /* WYJObject.swift */ = {isa = PBXFileReference; fileEncoding = 4; lastKnownFileType = sourcecode.swift; path = WYJObject.swift; sourceTree = "<group>"; };
		6324400F2589E2100065688B /* WYJData.swift */ = {isa = PBXFileReference; fileEncoding = 4; lastKnownFileType = sourcecode.swift; path = WYJData.swift; sourceTree = "<group>"; };
		632440112589E2100065688B /* WYJJSON.swift */ = {isa = PBXFileReference; fileEncoding = 4; lastKnownFileType = sourcecode.swift; path = WYJJSON.swift; sourceTree = "<group>"; };
		632440132589E2100065688B /* WYJAlamofire.swift */ = {isa = PBXFileReference; fileEncoding = 4; lastKnownFileType = sourcecode.swift; path = WYJAlamofire.swift; sourceTree = "<group>"; };
		632440152589E2100065688B /* WYJHUD.swift */ = {isa = PBXFileReference; fileEncoding = 4; lastKnownFileType = sourcecode.swift; path = WYJHUD.swift; sourceTree = "<group>"; };
		632440182589E2100065688B /* WYJRegular.swift */ = {isa = PBXFileReference; fileEncoding = 4; lastKnownFileType = sourcecode.swift; path = WYJRegular.swift; sourceTree = "<group>"; };
		6324401A2589E2100065688B /* WYJPageViewController.swift */ = {isa = PBXFileReference; fileEncoding = 4; lastKnownFileType = sourcecode.swift; path = WYJPageViewController.swift; sourceTree = "<group>"; };
		6324401C2589E2100065688B /* WYJConfigurable.swift */ = {isa = PBXFileReference; fileEncoding = 4; lastKnownFileType = sourcecode.swift; path = WYJConfigurable.swift; sourceTree = "<group>"; };
		6324401E2589E2100065688B /* WYJAppInfo.swift */ = {isa = PBXFileReference; fileEncoding = 4; lastKnownFileType = sourcecode.swift; path = WYJAppInfo.swift; sourceTree = "<group>"; };
		632440202589E2100065688B /* WYJSystem.swift */ = {isa = PBXFileReference; fileEncoding = 4; lastKnownFileType = sourcecode.swift; path = WYJSystem.swift; sourceTree = "<group>"; };
		632440222589E2100065688B /* WYJTouchIDManager.swift */ = {isa = PBXFileReference; fileEncoding = 4; lastKnownFileType = sourcecode.swift; path = WYJTouchIDManager.swift; sourceTree = "<group>"; };
		632440242589E2100065688B /* WYJLocation.swift */ = {isa = PBXFileReference; fileEncoding = 4; lastKnownFileType = sourcecode.swift; path = WYJLocation.swift; sourceTree = "<group>"; };
		632440262589E2100065688B /* WYJPermissionsDetection.swift */ = {isa = PBXFileReference; fileEncoding = 4; lastKnownFileType = sourcecode.swift; path = WYJPermissionsDetection.swift; sourceTree = "<group>"; };
		632440282589E2100065688B /* WYJCameraController.swift */ = {isa = PBXFileReference; fileEncoding = 4; lastKnownFileType = sourcecode.swift; path = WYJCameraController.swift; sourceTree = "<group>"; };
		6324402A2589E2100065688B /* address-code.json */ = {isa = PBXFileReference; fileEncoding = 4; lastKnownFileType = text.json; path = "address-code.json"; sourceTree = "<group>"; };
		6324402B2589E2100065688B /* Images.xcassets */ = {isa = PBXFileReference; lastKnownFileType = folder.assetcatalog; path = Images.xcassets; sourceTree = "<group>"; };
		632440722589E3D10065688B /* WYJProtocol.swift */ = {isa = PBXFileReference; lastKnownFileType = sourcecode.swift; path = WYJProtocol.swift; sourceTree = "<group>"; };
		63327F9D2591A0C8008C99B5 /* WYJKits.podspec */ = {isa = PBXFileReference; fileEncoding = 4; lastKnownFileType = text; name = WYJKits.podspec; path = ../../WYJKits.podspec; sourceTree = "<group>"; };
		635CA05525B9217000BC49CB /* WYJUserDefaults.swift */ = {isa = PBXFileReference; lastKnownFileType = sourcecode.swift; path = WYJUserDefaults.swift; sourceTree = "<group>"; };
		6390EE2C25B824C200F694B5 /* unhide.sh */ = {isa = PBXFileReference; fileEncoding = 4; lastKnownFileType = text.script.sh; path = unhide.sh; sourceTree = "<group>"; };
		63D60C1825AC21A100E9587D /* WYJTableView.swift */ = {isa = PBXFileReference; lastKnownFileType = sourcecode.swift; path = WYJTableView.swift; sourceTree = "<group>"; };
		63D60C2025AC22E600E9587D /* WYJCollectionView.swift */ = {isa = PBXFileReference; lastKnownFileType = sourcecode.swift; path = WYJCollectionView.swift; sourceTree = "<group>"; };
		78398B3861ED16B1DF9D9A4E /* Pods-IYXKitDemo.release.xcconfig */ = {isa = PBXFileReference; includeInIndex = 1; lastKnownFileType = text.xcconfig; name = "Pods-IYXKitDemo.release.xcconfig"; path = "Target Support Files/Pods-IYXKitDemo/Pods-IYXKitDemo.release.xcconfig"; sourceTree = "<group>"; };
		7ACAC79A9D010EFE705542C6 /* Pods-WYJKitDemo.debug.xcconfig */ = {isa = PBXFileReference; includeInIndex = 1; lastKnownFileType = text.xcconfig; name = "Pods-WYJKitDemo.debug.xcconfig"; path = "Target Support Files/Pods-WYJKitDemo/Pods-WYJKitDemo.debug.xcconfig"; sourceTree = "<group>"; };
		AA48D6AEB9A67077249D2F96 /* Pods-QYKitDemo.debug.xcconfig */ = {isa = PBXFileReference; includeInIndex = 1; lastKnownFileType = text.xcconfig; name = "Pods-QYKitDemo.debug.xcconfig"; path = "Target Support Files/Pods-QYKitDemo/Pods-QYKitDemo.debug.xcconfig"; sourceTree = "<group>"; };
		BD5365B016AE7E3E115D7980 /* Pods-QYKit.debug.xcconfig */ = {isa = PBXFileReference; includeInIndex = 1; lastKnownFileType = text.xcconfig; name = "Pods-QYKit.debug.xcconfig"; path = "Target Support Files/Pods-QYKit/Pods-QYKit.debug.xcconfig"; sourceTree = "<group>"; };
		C0D9F2ACF6F1074AC025C4CF /* Pods-YXKitDemo.debug.xcconfig */ = {isa = PBXFileReference; includeInIndex = 1; lastKnownFileType = text.xcconfig; name = "Pods-YXKitDemo.debug.xcconfig"; path = "Target Support Files/Pods-YXKitDemo/Pods-YXKitDemo.debug.xcconfig"; sourceTree = "<group>"; };
		C855F5FFC743AD93607AA5ED /* Pods-QYKitDemo.release.xcconfig */ = {isa = PBXFileReference; includeInIndex = 1; lastKnownFileType = text.xcconfig; name = "Pods-QYKitDemo.release.xcconfig"; path = "Target Support Files/Pods-QYKitDemo/Pods-QYKitDemo.release.xcconfig"; sourceTree = "<group>"; };
		CCA3522B4CE838870EAB8F61 /* Pods-IYXKitDemo.debug.xcconfig */ = {isa = PBXFileReference; includeInIndex = 1; lastKnownFileType = text.xcconfig; name = "Pods-IYXKitDemo.debug.xcconfig"; path = "Target Support Files/Pods-IYXKitDemo/Pods-IYXKitDemo.debug.xcconfig"; sourceTree = "<group>"; };
		E70C75C4B2811F67EF626856 /* Pods-YJSwiftKit.release.xcconfig */ = {isa = PBXFileReference; includeInIndex = 1; lastKnownFileType = text.xcconfig; name = "Pods-YJSwiftKit.release.xcconfig"; path = "Target Support Files/Pods-YJSwiftKit/Pods-YJSwiftKit.release.xcconfig"; sourceTree = "<group>"; };
/* End PBXFileReference section */

/* Begin PBXFrameworksBuildPhase section */
		04901FBB249CA25F0086A508 /* Frameworks */ = {
			isa = PBXFrameworksBuildPhase;
			buildActionMask = 2147483647;
			files = (
				23F39A31A0420E3037CF8214 /* Pods_WYJKitDemo.framework in Frameworks */,
			);
			runOnlyForDeploymentPostprocessing = 0;
		};
		04901FD1249CA2650086A508 /* Frameworks */ = {
			isa = PBXFrameworksBuildPhase;
			buildActionMask = 2147483647;
			files = (
			);
			runOnlyForDeploymentPostprocessing = 0;
		};
		04901FDC249CA2650086A508 /* Frameworks */ = {
			isa = PBXFrameworksBuildPhase;
			buildActionMask = 2147483647;
			files = (
			);
			runOnlyForDeploymentPostprocessing = 0;
		};
/* End PBXFrameworksBuildPhase section */

/* Begin PBXGroup section */
		04901FB5249CA25F0086A508 = {
			isa = PBXGroup;
			children = (
				63243FAC2589E20A0065688B /* WYJKitDemo */,
				04901FBF249CA25F0086A508 /* Products */,
				845C6C5FD91046F093DBF41D /* Pods */,
				2C84F23BE2757D374C837F7E /* Frameworks */,
			);
			sourceTree = "<group>";
		};
		04901FBF249CA25F0086A508 /* Products */ = {
			isa = PBXGroup;
			children = (
				04901FBE249CA25F0086A508 /* WYJKitDemo.app */,
				04901FD4249CA2650086A508 /* WYJKitDemoTests.xctest */,
				04901FDF249CA2650086A508 /* WYJKitDemoUITests.xctest */,
			);
			name = Products;
			sourceTree = "<group>";
		};
		2C84F23BE2757D374C837F7E /* Frameworks */ = {
			isa = PBXGroup;
			children = (
				57EC6E7EF1AC034D23110B08 /* Pods_WYJKitDemo.framework */,
			);
			name = Frameworks;
			sourceTree = "<group>";
		};
		63243FAC2589E20A0065688B /* WYJKitDemo */ = {
			isa = PBXGroup;
			children = (
				6390EE2C25B824C200F694B5 /* unhide.sh */,
				63327F9D2591A0C8008C99B5 /* WYJKits.podspec */,
				63243FCC2589E2100065688B /* WYJKits */,
				63243FAD2589E20A0065688B /* RSA */,
				63243FB02589E20A0065688B /* other */,
				63243FBC2589E20A0065688B /* MyPlayground.playground */,
				63243FBD2589E20A0065688B /* WYJKits-Bridging-Header.h */,
				63243FBE2589E20A0065688B /* Info.plist */,
			);
			path = WYJKitDemo;
			sourceTree = "<group>";
		};
		63243FAD2589E20A0065688B /* RSA */ = {
			isa = PBXGroup;
			children = (
				63243FAE2589E20A0065688B /* RSA.m */,
				63243FAF2589E20A0065688B /* RSA.h */,
			);
			path = RSA;
			sourceTree = "<group>";
		};
		63243FB02589E20A0065688B /* other */ = {
			isa = PBXGroup;
			children = (
				63243FB12589E20A0065688B /* ViewController.swift */,
				63243FB22589E20A0065688B /* Assets.xcassets */,
				63243FB32589E20A0065688B /* MyViewController.swift */,
				63243FB42589E20A0065688B /* LaunchScreen.storyboard */,
				63243FB62589E20A0065688B /* Main.storyboard */,
				63243FB82589E20A0065688B /* NoData.png */,
				63243FB92589E20A0065688B /* MyPlayground.playground */,
				63243FBA2589E20A0065688B /* WeChat66467de1e87eb0c1de1a8add1099df0b.png */,
				63243FBB2589E20A0065688B /* AppDelegate.swift */,
			);
			path = other;
			sourceTree = "<group>";
		};
		63243FCC2589E2100065688B /* WYJKits */ = {
			isa = PBXGroup;
			children = (
				63243FCD2589E2100065688B /* UI */,
				63243FF12589E2100065688B /* 其它 */,
				63243FF32589E2100065688B /* Foundation */,
				632440102589E2100065688B /* 集成第三方 */,
				632440162589E2100065688B /* 功能 */,
				632440292589E2100065688B /* Resource */,
			);
			name = WYJKits;
			path = ../../WYJKits;
			sourceTree = "<group>";
		};
		63243FCD2589E2100065688B /* UI */ = {
			isa = PBXGroup;
			children = (
				63243FCE2589E2100065688B /* UIImage */,
				63243FD12589E2100065688B /* UILabel */,
				63243FD42589E2100065688B /* UIButton */,
				63243FD72589E2100065688B /* UIColor */,
				63243FD92589E2100065688B /* UIAlertController */,
				63243FDB2589E2100065688B /* UIView */,
				63243FDD2589E2100065688B /* DatePickerViewController */,
				63243FDF2589E2100065688B /* UITextView */,
				63243FE12589E2100065688B /* UIPanGestureRecognizer */,
				63243FE32589E2100065688B /* UIDevice */,
				63243FE52589E2100065688B /* UICollectionView */,
				63243FE72589E2100065688B /* UIViewController */,
				63243FEA2589E2100065688B /* UINavigationController */,
				63243FEC2589E2100065688B /* UITableView */,
				63243FEF2589E2100065688B /* UITextField */,
			);
			path = UI;
			sourceTree = "<group>";
		};
		63243FCE2589E2100065688B /* UIImage */ = {
			isa = PBXGroup;
			children = (
				63243FD02589E2100065688B /* WYJImage.swift */,
			);
			path = UIImage;
			sourceTree = "<group>";
		};
		63243FD12589E2100065688B /* UILabel */ = {
			isa = PBXGroup;
			children = (
				63243FD22589E2100065688B /* WYJLabel.swift */,
				63243FD32589E2100065688B /* WYJGradientLabel.swift */,
			);
			path = UILabel;
			sourceTree = "<group>";
		};
		63243FD42589E2100065688B /* UIButton */ = {
			isa = PBXGroup;
			children = (
				63243FD52589E2100065688B /* WYJButton.swift */,
				63243FD62589E2100065688B /* WYJCountDownButton.swift */,
			);
			path = UIButton;
			sourceTree = "<group>";
		};
		63243FD72589E2100065688B /* UIColor */ = {
			isa = PBXGroup;
			children = (
				63243FD82589E2100065688B /* WYJColor.swift */,
			);
			path = UIColor;
			sourceTree = "<group>";
		};
		63243FD92589E2100065688B /* UIAlertController */ = {
			isa = PBXGroup;
			children = (
				63243FDA2589E2100065688B /* WYJAlert.swift */,
			);
			path = UIAlertController;
			sourceTree = "<group>";
		};
		63243FDB2589E2100065688B /* UIView */ = {
			isa = PBXGroup;
			children = (
				63243FDC2589E2100065688B /* WYJView.swift */,
			);
			path = UIView;
			sourceTree = "<group>";
		};
		63243FDD2589E2100065688B /* DatePickerViewController */ = {
			isa = PBXGroup;
			children = (
				63243FDE2589E2100065688B /* WYJDatePickerViewController.swift */,
			);
			path = DatePickerViewController;
			sourceTree = "<group>";
		};
		63243FDF2589E2100065688B /* UITextView */ = {
			isa = PBXGroup;
			children = (
				63243FE02589E2100065688B /* WYJTextView.swift */,
			);
			path = UITextView;
			sourceTree = "<group>";
		};
		63243FE12589E2100065688B /* UIPanGestureRecognizer */ = {
			isa = PBXGroup;
			children = (
				63243FE22589E2100065688B /* WYJBlockGesture.swift */,
			);
			path = UIPanGestureRecognizer;
			sourceTree = "<group>";
		};
		63243FE32589E2100065688B /* UIDevice */ = {
			isa = PBXGroup;
			children = (
				63243FE42589E2100065688B /* WYJDevice.swift */,
			);
			path = UIDevice;
			sourceTree = "<group>";
		};
		63243FE52589E2100065688B /* UICollectionView */ = {
			isa = PBXGroup;
			children = (
				63243FE62589E2100065688B /* WYJBaseCollectionView.swift */,
				63D60C2025AC22E600E9587D /* WYJCollectionView.swift */,
			);
			path = UICollectionView;
			sourceTree = "<group>";
		};
		63243FE72589E2100065688B /* UIViewController */ = {
			isa = PBXGroup;
			children = (
				63243FE82589E2100065688B /* WYJBaseViewController.swift */,
				63243FE92589E2100065688B /* WYJViewController.swift */,
			);
			path = UIViewController;
			sourceTree = "<group>";
		};
		63243FEA2589E2100065688B /* UINavigationController */ = {
			isa = PBXGroup;
			children = (
				63243FEB2589E2100065688B /* WYJBaseNavigationController.swift */,
			);
			path = UINavigationController;
			sourceTree = "<group>";
		};
		63243FEC2589E2100065688B /* UITableView */ = {
			isa = PBXGroup;
			children = (
				63243FED2589E2100065688B /* WYJTableViewDelegate.swift */,
				63243FEE2589E2100065688B /* WYJBaseTableView.swift */,
				63D60C1825AC21A100E9587D /* WYJTableView.swift */,
			);
			path = UITableView;
			sourceTree = "<group>";
		};
		63243FEF2589E2100065688B /* UITextField */ = {
			isa = PBXGroup;
			children = (
				63243FF02589E2100065688B /* WYJTextField.swift */,
			);
			path = UITextField;
			sourceTree = "<group>";
		};
		63243FF12589E2100065688B /* 其它 */ = {
			isa = PBXGroup;
			children = (
				63243FF22589E2100065688B /* WYJToolManager.swift */,
			);
			path = "其它";
			sourceTree = "<group>";
		};
		63243FF32589E2100065688B /* Foundation */ = {
			isa = PBXGroup;
			children = (
				63243FF42589E2100065688B /* then */,
				63243FF62589E2100065688B /* DispatchQueue */,
				63243FF82589E2100065688B /* Codable */,
				63243FFB2589E2100065688B /* Array */,
				63243FFD2589E2100065688B /* Date */,
				63243FFF2589E2100065688B /* Int */,
				632440012589E2100065688B /* Dictionary */,
				632440032589E2100065688B /* Float */,
				632440052589E2100065688B /* Double */,
				632440072589E2100065688B /* 运算符 */,
				632440092589E2100065688B /* String */,
				6324400C2589E2100065688B /* NSObject */,
				6324400E2589E2100065688B /* Data */,
				635CA05525B9217000BC49CB /* WYJUserDefaults.swift */,
			);
			path = Foundation;
			sourceTree = "<group>";
		};
		63243FF42589E2100065688B /* then */ = {
			isa = PBXGroup;
			children = (
				63243FF52589E2100065688B /* WYJThen.swift */,
			);
			path = then;
			sourceTree = "<group>";
		};
		63243FF62589E2100065688B /* DispatchQueue */ = {
			isa = PBXGroup;
			children = (
				63243FF72589E2100065688B /* WYJDispatchQueue.swift */,
			);
			path = DispatchQueue;
			sourceTree = "<group>";
		};
		63243FF82589E2100065688B /* Codable */ = {
			isa = PBXGroup;
			children = (
				63243FF92589E2100065688B /* WYJCustomDataType.swift */,
				63243FFA2589E2100065688B /* WYJCodable.swift */,
			);
			path = Codable;
			sourceTree = "<group>";
		};
		63243FFB2589E2100065688B /* Array */ = {
			isa = PBXGroup;
			children = (
				63243FFC2589E2100065688B /* WYJArray.swift */,
			);
			path = Array;
			sourceTree = "<group>";
		};
		63243FFD2589E2100065688B /* Date */ = {
			isa = PBXGroup;
			children = (
				63243FFE2589E2100065688B /* WYJDate.swift */,
			);
			path = Date;
			sourceTree = "<group>";
		};
		63243FFF2589E2100065688B /* Int */ = {
			isa = PBXGroup;
			children = (
				632440002589E2100065688B /* WYJInt.swift */,
			);
			path = Int;
			sourceTree = "<group>";
		};
		632440012589E2100065688B /* Dictionary */ = {
			isa = PBXGroup;
			children = (
				632440022589E2100065688B /* WYJDictionary.swift */,
			);
			path = Dictionary;
			sourceTree = "<group>";
		};
		632440032589E2100065688B /* Float */ = {
			isa = PBXGroup;
			children = (
				632440042589E2100065688B /* WYJFloat.swift */,
			);
			path = Float;
			sourceTree = "<group>";
		};
		632440052589E2100065688B /* Double */ = {
			isa = PBXGroup;
			children = (
				632440062589E2100065688B /* WYJDouble.swift */,
			);
			path = Double;
			sourceTree = "<group>";
		};
		632440072589E2100065688B /* 运算符 */ = {
			isa = PBXGroup;
			children = (
				632440082589E2100065688B /* WYJOperation.swift */,
			);
			path = "运算符";
			sourceTree = "<group>";
		};
		632440092589E2100065688B /* String */ = {
			isa = PBXGroup;
			children = (
				6324400A2589E2100065688B /* WYJString.swift */,
				6324400B2589E2100065688B /* WYJAttributedString.swift */,
			);
			path = String;
			sourceTree = "<group>";
		};
		6324400C2589E2100065688B /* NSObject */ = {
			isa = PBXGroup;
			children = (
				6324400D2589E2100065688B /* WYJObject.swift */,
			);
			path = NSObject;
			sourceTree = "<group>";
		};
		6324400E2589E2100065688B /* Data */ = {
			isa = PBXGroup;
			children = (
				6324400F2589E2100065688B /* WYJData.swift */,
			);
			path = Data;
			sourceTree = "<group>";
		};
		632440102589E2100065688B /* 集成第三方 */ = {
			isa = PBXGroup;
			children = (
				632440112589E2100065688B /* WYJJSON.swift */,
				632440122589E2100065688B /* Alamofire */,
				632440142589E2100065688B /* MBHUD */,
			);
			path = "集成第三方";
			sourceTree = "<group>";
		};
		632440122589E2100065688B /* Alamofire */ = {
			isa = PBXGroup;
			children = (
				632440132589E2100065688B /* WYJAlamofire.swift */,
			);
			path = Alamofire;
			sourceTree = "<group>";
		};
		632440142589E2100065688B /* MBHUD */ = {
			isa = PBXGroup;
			children = (
				632440152589E2100065688B /* WYJHUD.swift */,
			);
			path = MBHUD;
			sourceTree = "<group>";
		};
		632440162589E2100065688B /* 功能 */ = {
			isa = PBXGroup;
			children = (
				632440172589E2100065688B /* 正则表达式 */,
				632440192589E2100065688B /* PageViewController */,
				6324401B2589E2100065688B /* 配置协议 */,
				6324401D2589E2100065688B /* APP 信息 */,
				6324401F2589E2100065688B /* 系统 */,
				632440212589E2100065688B /* 指纹 */,
				632440232589E2100065688B /* 定位 */,
				632440252589E2100065688B /* 权限 */,
				632440272589E2100065688B /* 相机 */,
			);
			path = "功能";
			sourceTree = "<group>";
		};
		632440172589E2100065688B /* 正则表达式 */ = {
			isa = PBXGroup;
			children = (
				632440182589E2100065688B /* WYJRegular.swift */,
			);
			path = "正则表达式";
			sourceTree = "<group>";
		};
		632440192589E2100065688B /* PageViewController */ = {
			isa = PBXGroup;
			children = (
				6324401A2589E2100065688B /* WYJPageViewController.swift */,
			);
			path = PageViewController;
			sourceTree = "<group>";
		};
		6324401B2589E2100065688B /* 配置协议 */ = {
			isa = PBXGroup;
			children = (
				632440722589E3D10065688B /* WYJProtocol.swift */,
				6324401C2589E2100065688B /* WYJConfigurable.swift */,
			);
			path = "配置协议";
			sourceTree = "<group>";
		};
		6324401D2589E2100065688B /* APP 信息 */ = {
			isa = PBXGroup;
			children = (
				6324401E2589E2100065688B /* WYJAppInfo.swift */,
			);
			path = "APP 信息";
			sourceTree = "<group>";
		};
		6324401F2589E2100065688B /* 系统 */ = {
			isa = PBXGroup;
			children = (
				632440202589E2100065688B /* WYJSystem.swift */,
			);
			path = "系统";
			sourceTree = "<group>";
		};
		632440212589E2100065688B /* 指纹 */ = {
			isa = PBXGroup;
			children = (
				632440222589E2100065688B /* WYJTouchIDManager.swift */,
			);
			path = "指纹";
			sourceTree = "<group>";
		};
		632440232589E2100065688B /* 定位 */ = {
			isa = PBXGroup;
			children = (
				632440242589E2100065688B /* WYJLocation.swift */,
			);
			path = "定位";
			sourceTree = "<group>";
		};
		632440252589E2100065688B /* 权限 */ = {
			isa = PBXGroup;
			children = (
				632440262589E2100065688B /* WYJPermissionsDetection.swift */,
			);
			path = "权限";
			sourceTree = "<group>";
		};
		632440272589E2100065688B /* 相机 */ = {
			isa = PBXGroup;
			children = (
				632440282589E2100065688B /* WYJCameraController.swift */,
			);
			path = "相机";
			sourceTree = "<group>";
		};
		632440292589E2100065688B /* Resource */ = {
			isa = PBXGroup;
			children = (
				6324402A2589E2100065688B /* address-code.json */,
				6324402B2589E2100065688B /* Images.xcassets */,
			);
			path = Resource;
			sourceTree = "<group>";
		};
		845C6C5FD91046F093DBF41D /* Pods */ = {
			isa = PBXGroup;
			children = (
				38518928AD5ACCDA2E21AF37 /* Pods-YJSwiftKit.debug.xcconfig */,
				E70C75C4B2811F67EF626856 /* Pods-YJSwiftKit.release.xcconfig */,
				BD5365B016AE7E3E115D7980 /* Pods-QYKit.debug.xcconfig */,
				43527D8192BD4580F87ED551 /* Pods-QYKit.release.xcconfig */,
				AA48D6AEB9A67077249D2F96 /* Pods-QYKitDemo.debug.xcconfig */,
				C855F5FFC743AD93607AA5ED /* Pods-QYKitDemo.release.xcconfig */,
				C0D9F2ACF6F1074AC025C4CF /* Pods-YXKitDemo.debug.xcconfig */,
				1BEBF068CD58975CC4EF7587 /* Pods-YXKitDemo.release.xcconfig */,
				CCA3522B4CE838870EAB8F61 /* Pods-IYXKitDemo.debug.xcconfig */,
				78398B3861ED16B1DF9D9A4E /* Pods-IYXKitDemo.release.xcconfig */,
				7ACAC79A9D010EFE705542C6 /* Pods-WYJKitDemo.debug.xcconfig */,
				29AD45FC63BFB14FECC0E0AE /* Pods-WYJKitDemo.release.xcconfig */,
			);
			path = Pods;
			sourceTree = "<group>";
		};
/* End PBXGroup section */

/* Begin PBXNativeTarget section */
		04901FBD249CA25F0086A508 /* WYJKitDemo */ = {
			isa = PBXNativeTarget;
			buildConfigurationList = 04901FE8249CA2650086A508 /* Build configuration list for PBXNativeTarget "WYJKitDemo" */;
			buildPhases = (
				A2E50710AE7E4A34B5AE8CAB /* [CP] Check Pods Manifest.lock */,
				04901FBA249CA25F0086A508 /* Sources */,
				04901FBB249CA25F0086A508 /* Frameworks */,
				04901FBC249CA25F0086A508 /* Resources */,
				5EB32D307ABC477F31662559 /* [CP] Embed Pods Frameworks */,
				6390EE2825B8248F00F694B5 /* ShellScript */,
			);
			buildRules = (
			);
			dependencies = (
			);
			name = WYJKitDemo;
			productName = YJSwiftKit;
			productReference = 04901FBE249CA25F0086A508 /* WYJKitDemo.app */;
			productType = "com.apple.product-type.application";
		};
		04901FD3249CA2650086A508 /* WYJKitDemoTests */ = {
			isa = PBXNativeTarget;
			buildConfigurationList = 04901FEB249CA2650086A508 /* Build configuration list for PBXNativeTarget "WYJKitDemoTests" */;
			buildPhases = (
				04901FD0249CA2650086A508 /* Sources */,
				04901FD1249CA2650086A508 /* Frameworks */,
				04901FD2249CA2650086A508 /* Resources */,
			);
			buildRules = (
			);
			dependencies = (
				04901FD6249CA2650086A508 /* PBXTargetDependency */,
			);
			name = WYJKitDemoTests;
			productName = YJSwiftKitTests;
			productReference = 04901FD4249CA2650086A508 /* WYJKitDemoTests.xctest */;
			productType = "com.apple.product-type.bundle.unit-test";
		};
		04901FDE249CA2650086A508 /* WYJKitDemoUITests */ = {
			isa = PBXNativeTarget;
			buildConfigurationList = 04901FEE249CA2650086A508 /* Build configuration list for PBXNativeTarget "WYJKitDemoUITests" */;
			buildPhases = (
				04901FDB249CA2650086A508 /* Sources */,
				04901FDC249CA2650086A508 /* Frameworks */,
				04901FDD249CA2650086A508 /* Resources */,
			);
			buildRules = (
			);
			dependencies = (
				04901FE1249CA2650086A508 /* PBXTargetDependency */,
			);
			name = WYJKitDemoUITests;
			productName = YJSwiftKitUITests;
			productReference = 04901FDF249CA2650086A508 /* WYJKitDemoUITests.xctest */;
			productType = "com.apple.product-type.bundle.ui-testing";
		};
/* End PBXNativeTarget section */

/* Begin PBXProject section */
		04901FB6249CA25F0086A508 /* Project object */ = {
			isa = PBXProject;
			attributes = {
				LastSwiftUpdateCheck = 1150;
				LastUpgradeCheck = 1200;
				ORGANIZATIONNAME = "祎";
				TargetAttributes = {
					04901FBD249CA25F0086A508 = {
						CreatedOnToolsVersion = 11.5;
					};
					04901FD3249CA2650086A508 = {
						CreatedOnToolsVersion = 11.5;
						TestTargetID = 04901FBD249CA25F0086A508;
					};
					04901FDE249CA2650086A508 = {
						CreatedOnToolsVersion = 11.5;
						TestTargetID = 04901FBD249CA25F0086A508;
					};
				};
			};
			buildConfigurationList = 04901FB9249CA25F0086A508 /* Build configuration list for PBXProject "WYJKitDemo" */;
			compatibilityVersion = "Xcode 9.3";
			developmentRegion = en;
			hasScannedForEncodings = 0;
			knownRegions = (
				en,
				Base,
			);
			mainGroup = 04901FB5249CA25F0086A508;
			productRefGroup = 04901FBF249CA25F0086A508 /* Products */;
			projectDirPath = "";
			projectRoot = "";
			targets = (
				04901FBD249CA25F0086A508 /* WYJKitDemo */,
				04901FD3249CA2650086A508 /* WYJKitDemoTests */,
				04901FDE249CA2650086A508 /* WYJKitDemoUITests */,
			);
		};
/* End PBXProject section */

/* Begin PBXResourcesBuildPhase section */
		04901FBC249CA25F0086A508 /* Resources */ = {
			isa = PBXResourcesBuildPhase;
			buildActionMask = 2147483647;
			files = (
				63327F9E2591A0C8008C99B5 /* WYJKits.podspec in Resources */,
				63243FC62589E20A0065688B /* WeChat66467de1e87eb0c1de1a8add1099df0b.png in Resources */,
				6324405C2589E2100065688B /* Images.xcassets in Resources */,
				6324405B2589E2100065688B /* address-code.json in Resources */,
				63243FC52589E20A0065688B /* NoData.png in Resources */,
				63243FC42589E20A0065688B /* Main.storyboard in Resources */,
				6390EE2D25B824C200F694B5 /* unhide.sh in Resources */,
				63243FC12589E20A0065688B /* Assets.xcassets in Resources */,
				63243FC32589E20A0065688B /* LaunchScreen.storyboard in Resources */,
			);
			runOnlyForDeploymentPostprocessing = 0;
		};
		04901FD2249CA2650086A508 /* Resources */ = {
			isa = PBXResourcesBuildPhase;
			buildActionMask = 2147483647;
			files = (
			);
			runOnlyForDeploymentPostprocessing = 0;
		};
		04901FDD249CA2650086A508 /* Resources */ = {
			isa = PBXResourcesBuildPhase;
			buildActionMask = 2147483647;
			files = (
			);
			runOnlyForDeploymentPostprocessing = 0;
		};
/* End PBXResourcesBuildPhase section */

/* Begin PBXShellScriptBuildPhase section */
		5EB32D307ABC477F31662559 /* [CP] Embed Pods Frameworks */ = {
			isa = PBXShellScriptBuildPhase;
			buildActionMask = 2147483647;
			files = (
			);
			inputFileListPaths = (
				"${PODS_ROOT}/Target Support Files/Pods-WYJKitDemo/Pods-WYJKitDemo-frameworks-${CONFIGURATION}-input-files.xcfilelist",
			);
			name = "[CP] Embed Pods Frameworks";
			outputFileListPaths = (
				"${PODS_ROOT}/Target Support Files/Pods-WYJKitDemo/Pods-WYJKitDemo-frameworks-${CONFIGURATION}-output-files.xcfilelist",
			);
			runOnlyForDeploymentPostprocessing = 0;
			shellPath = /bin/sh;
			shellScript = "\"${PODS_ROOT}/Target Support Files/Pods-WYJKitDemo/Pods-WYJKitDemo-frameworks.sh\"\n";
			showEnvVarsInLog = 0;
		};
		6390EE2825B8248F00F694B5 /* ShellScript */ = {
			isa = PBXShellScriptBuildPhase;
			buildActionMask = 2147483647;
			files = (
			);
			inputFileListPaths = (
			);
			inputPaths = (
				"$(SRCROOT)/unhide.sh",
			);
			outputFileListPaths = (
			);
			outputPaths = (
			);
			runOnlyForDeploymentPostprocessing = 0;
			shellPath = /bin/sh;
			shellScript = "UNHIDE= ~/Desktop/库/WYJKits/WYJKitDemo/WYJKitDemo/unhide.shunhide.sh\nif [ -f $UNHIDE ]; then\n    $UNHIDE\nelse\n    echo \"https://github.com/johnno1962/unhide project.\"\nfi\n";
		};
		A2E50710AE7E4A34B5AE8CAB /* [CP] Check Pods Manifest.lock */ = {
			isa = PBXShellScriptBuildPhase;
			buildActionMask = 2147483647;
			files = (
			);
			inputFileListPaths = (
			);
			inputPaths = (
				"${PODS_PODFILE_DIR_PATH}/Podfile.lock",
				"${PODS_ROOT}/Manifest.lock",
			);
			name = "[CP] Check Pods Manifest.lock";
			outputFileListPaths = (
			);
			outputPaths = (
				"$(DERIVED_FILE_DIR)/Pods-WYJKitDemo-checkManifestLockResult.txt",
			);
			runOnlyForDeploymentPostprocessing = 0;
			shellPath = /bin/sh;
			shellScript = "diff \"${PODS_PODFILE_DIR_PATH}/Podfile.lock\" \"${PODS_ROOT}/Manifest.lock\" > /dev/null\nif [ $? != 0 ] ; then\n    # print error to STDERR\n    echo \"error: The sandbox is not in sync with the Podfile.lock. Run 'pod install' or update your CocoaPods installation.\" >&2\n    exit 1\nfi\n# This output is used by Xcode 'outputs' to avoid re-running this script phase.\necho \"SUCCESS\" > \"${SCRIPT_OUTPUT_FILE_0}\"\n";
			showEnvVarsInLog = 0;
		};
/* End PBXShellScriptBuildPhase section */

/* Begin PBXSourcesBuildPhase section */
		04901FBA249CA25F0086A508 /* Sources */ = {
			isa = PBXSourcesBuildPhase;
			buildActionMask = 2147483647;
			files = (
				632440542589E2100065688B /* WYJConfigurable.swift in Sources */,
				6324404A2589E2100065688B /* WYJOperation.swift in Sources */,
				632440502589E2100065688B /* WYJAlamofire.swift in Sources */,
				6324402C2589E2100065688B /* WYJImage.swift in Sources */,
				632440532589E2100065688B /* WYJPageViewController.swift in Sources */,
				632440392589E2100065688B /* WYJBaseViewController.swift in Sources */,
				632440582589E2100065688B /* WYJLocation.swift in Sources */,
				632440422589E2100065688B /* WYJCustomDataType.swift in Sources */,
				63D60C1925AC21A100E9587D /* WYJTableView.swift in Sources */,
				632440352589E2100065688B /* WYJTextView.swift in Sources */,
				632440412589E2100065688B /* WYJDispatchQueue.swift in Sources */,
				632440342589E2100065688B /* WYJDatePickerViewController.swift in Sources */,
				6324404C2589E2100065688B /* WYJAttributedString.swift in Sources */,
				6324403B2589E2100065688B /* WYJBaseNavigationController.swift in Sources */,
				632440372589E2100065688B /* WYJDevice.swift in Sources */,
				6324404D2589E2100065688B /* WYJObject.swift in Sources */,
				6324404F2589E2100065688B /* WYJJSON.swift in Sources */,
				632440492589E2100065688B /* WYJDouble.swift in Sources */,
				6324403D2589E2100065688B /* WYJBaseTableView.swift in Sources */,
				6324402E2589E2100065688B /* WYJGradientLabel.swift in Sources */,
				635CA05625B9217000BC49CB /* WYJUserDefaults.swift in Sources */,
				632440362589E2100065688B /* WYJBlockGesture.swift in Sources */,
				63243FC72589E20A0065688B /* AppDelegate.swift in Sources */,
				632440522589E2100065688B /* WYJRegular.swift in Sources */,
				6324402D2589E2100065688B /* WYJLabel.swift in Sources */,
				632440572589E2100065688B /* WYJTouchIDManager.swift in Sources */,
				632440512589E2100065688B /* WYJHUD.swift in Sources */,
				632440472589E2100065688B /* WYJDictionary.swift in Sources */,
				632440302589E2100065688B /* WYJCountDownButton.swift in Sources */,
				6324405A2589E2100065688B /* WYJCameraController.swift in Sources */,
				63243FC02589E20A0065688B /* ViewController.swift in Sources */,
				632440482589E2100065688B /* WYJFloat.swift in Sources */,
				632440382589E2100065688B /* WYJBaseCollectionView.swift in Sources */,
				632440402589E2100065688B /* WYJThen.swift in Sources */,
				632440322589E2100065688B /* WYJAlert.swift in Sources */,
				63243FC22589E20A0065688B /* MyViewController.swift in Sources */,
				632440462589E2100065688B /* WYJInt.swift in Sources */,
				6324403C2589E2100065688B /* WYJTableViewDelegate.swift in Sources */,
				6324403F2589E2100065688B /* WYJToolManager.swift in Sources */,
				632440592589E2100065688B /* WYJPermissionsDetection.swift in Sources */,
				632440332589E2100065688B /* WYJView.swift in Sources */,
				632440552589E2100065688B /* WYJAppInfo.swift in Sources */,
				632440432589E2100065688B /* WYJCodable.swift in Sources */,
				632440452589E2100065688B /* WYJDate.swift in Sources */,
				63D60C2125AC22E600E9587D /* WYJCollectionView.swift in Sources */,
				632440312589E2100065688B /* WYJColor.swift in Sources */,
				6324404E2589E2100065688B /* WYJData.swift in Sources */,
				6324403E2589E2100065688B /* WYJTextField.swift in Sources */,
				6324403A2589E2100065688B /* WYJViewController.swift in Sources */,
				63243FBF2589E20A0065688B /* RSA.m in Sources */,
				6324402F2589E2100065688B /* WYJButton.swift in Sources */,
				632440562589E2100065688B /* WYJSystem.swift in Sources */,
				632440732589E3D10065688B /* WYJProtocol.swift in Sources */,
				6324404B2589E2100065688B /* WYJString.swift in Sources */,
				632440442589E2100065688B /* WYJArray.swift in Sources */,
			);
			runOnlyForDeploymentPostprocessing = 0;
		};
		04901FD0249CA2650086A508 /* Sources */ = {
			isa = PBXSourcesBuildPhase;
			buildActionMask = 2147483647;
			files = (
			);
			runOnlyForDeploymentPostprocessing = 0;
		};
		04901FDB249CA2650086A508 /* Sources */ = {
			isa = PBXSourcesBuildPhase;
			buildActionMask = 2147483647;
			files = (
			);
			runOnlyForDeploymentPostprocessing = 0;
		};
/* End PBXSourcesBuildPhase section */

/* Begin PBXTargetDependency section */
		04901FD6249CA2650086A508 /* PBXTargetDependency */ = {
			isa = PBXTargetDependency;
			target = 04901FBD249CA25F0086A508 /* WYJKitDemo */;
			targetProxy = 04901FD5249CA2650086A508 /* PBXContainerItemProxy */;
		};
		04901FE1249CA2650086A508 /* PBXTargetDependency */ = {
			isa = PBXTargetDependency;
			target = 04901FBD249CA25F0086A508 /* WYJKitDemo */;
			targetProxy = 04901FE0249CA2650086A508 /* PBXContainerItemProxy */;
		};
/* End PBXTargetDependency section */

/* Begin PBXVariantGroup section */
		63243FB42589E20A0065688B /* LaunchScreen.storyboard */ = {
			isa = PBXVariantGroup;
			children = (
				63243FB52589E20A0065688B /* Base */,
			);
			name = LaunchScreen.storyboard;
			sourceTree = "<group>";
		};
		63243FB62589E20A0065688B /* Main.storyboard */ = {
			isa = PBXVariantGroup;
			children = (
				63243FB72589E20A0065688B /* Base */,
			);
			name = Main.storyboard;
			sourceTree = "<group>";
		};
/* End PBXVariantGroup section */

/* Begin XCBuildConfiguration section */
		04901FE6249CA2650086A508 /* Debug */ = {
			isa = XCBuildConfiguration;
			buildSettings = {
				ALWAYS_SEARCH_USER_PATHS = NO;
				CLANG_ANALYZER_NONNULL = YES;
				CLANG_ANALYZER_NUMBER_OBJECT_CONVERSION = YES_AGGRESSIVE;
				CLANG_CXX_LANGUAGE_STANDARD = "gnu++14";
				CLANG_CXX_LIBRARY = "libc++";
				CLANG_ENABLE_MODULES = YES;
				CLANG_ENABLE_OBJC_ARC = YES;
				CLANG_ENABLE_OBJC_WEAK = YES;
				CLANG_WARN_BLOCK_CAPTURE_AUTORELEASING = YES;
				CLANG_WARN_BOOL_CONVERSION = YES;
				CLANG_WARN_COMMA = YES;
				CLANG_WARN_CONSTANT_CONVERSION = YES;
				CLANG_WARN_DEPRECATED_OBJC_IMPLEMENTATIONS = YES;
				CLANG_WARN_DIRECT_OBJC_ISA_USAGE = YES_ERROR;
				CLANG_WARN_DOCUMENTATION_COMMENTS = YES;
				CLANG_WARN_EMPTY_BODY = YES;
				CLANG_WARN_ENUM_CONVERSION = YES;
				CLANG_WARN_INFINITE_RECURSION = YES;
				CLANG_WARN_INT_CONVERSION = YES;
				CLANG_WARN_NON_LITERAL_NULL_CONVERSION = YES;
				CLANG_WARN_OBJC_IMPLICIT_RETAIN_SELF = YES;
				CLANG_WARN_OBJC_LITERAL_CONVERSION = YES;
				CLANG_WARN_OBJC_ROOT_CLASS = YES_ERROR;
				CLANG_WARN_QUOTED_INCLUDE_IN_FRAMEWORK_HEADER = YES;
				CLANG_WARN_RANGE_LOOP_ANALYSIS = YES;
				CLANG_WARN_STRICT_PROTOTYPES = YES;
				CLANG_WARN_SUSPICIOUS_MOVE = YES;
				CLANG_WARN_UNGUARDED_AVAILABILITY = YES_AGGRESSIVE;
				CLANG_WARN_UNREACHABLE_CODE = YES;
				CLANG_WARN__DUPLICATE_METHOD_MATCH = YES;
				COPY_PHASE_STRIP = NO;
				DEBUG_INFORMATION_FORMAT = dwarf;
				ENABLE_STRICT_OBJC_MSGSEND = YES;
				ENABLE_TESTABILITY = YES;
				GCC_C_LANGUAGE_STANDARD = gnu11;
				GCC_DYNAMIC_NO_PIC = NO;
				GCC_NO_COMMON_BLOCKS = YES;
				GCC_OPTIMIZATION_LEVEL = 0;
				GCC_PREPROCESSOR_DEFINITIONS = (
					"DEBUG=1",
					"$(inherited)",
				);
				GCC_WARN_64_TO_32_BIT_CONVERSION = YES;
				GCC_WARN_ABOUT_RETURN_TYPE = YES_ERROR;
				GCC_WARN_UNDECLARED_SELECTOR = YES;
				GCC_WARN_UNINITIALIZED_AUTOS = YES_AGGRESSIVE;
				GCC_WARN_UNUSED_FUNCTION = YES;
				GCC_WARN_UNUSED_VARIABLE = YES;
				IPHONEOS_DEPLOYMENT_TARGET = 13.5;
				MTL_ENABLE_DEBUG_INFO = INCLUDE_SOURCE;
				MTL_FAST_MATH = YES;
				ONLY_ACTIVE_ARCH = YES;
				SDKROOT = iphoneos;
				SWIFT_ACTIVE_COMPILATION_CONDITIONS = DEBUG;
				SWIFT_OPTIMIZATION_LEVEL = "-Onone";
			};
			name = Debug;
		};
		04901FE7249CA2650086A508 /* Release */ = {
			isa = XCBuildConfiguration;
			buildSettings = {
				ALWAYS_SEARCH_USER_PATHS = NO;
				CLANG_ANALYZER_NONNULL = YES;
				CLANG_ANALYZER_NUMBER_OBJECT_CONVERSION = YES_AGGRESSIVE;
				CLANG_CXX_LANGUAGE_STANDARD = "gnu++14";
				CLANG_CXX_LIBRARY = "libc++";
				CLANG_ENABLE_MODULES = YES;
				CLANG_ENABLE_OBJC_ARC = YES;
				CLANG_ENABLE_OBJC_WEAK = YES;
				CLANG_WARN_BLOCK_CAPTURE_AUTORELEASING = YES;
				CLANG_WARN_BOOL_CONVERSION = YES;
				CLANG_WARN_COMMA = YES;
				CLANG_WARN_CONSTANT_CONVERSION = YES;
				CLANG_WARN_DEPRECATED_OBJC_IMPLEMENTATIONS = YES;
				CLANG_WARN_DIRECT_OBJC_ISA_USAGE = YES_ERROR;
				CLANG_WARN_DOCUMENTATION_COMMENTS = YES;
				CLANG_WARN_EMPTY_BODY = YES;
				CLANG_WARN_ENUM_CONVERSION = YES;
				CLANG_WARN_INFINITE_RECURSION = YES;
				CLANG_WARN_INT_CONVERSION = YES;
				CLANG_WARN_NON_LITERAL_NULL_CONVERSION = YES;
				CLANG_WARN_OBJC_IMPLICIT_RETAIN_SELF = YES;
				CLANG_WARN_OBJC_LITERAL_CONVERSION = YES;
				CLANG_WARN_OBJC_ROOT_CLASS = YES_ERROR;
				CLANG_WARN_QUOTED_INCLUDE_IN_FRAMEWORK_HEADER = YES;
				CLANG_WARN_RANGE_LOOP_ANALYSIS = YES;
				CLANG_WARN_STRICT_PROTOTYPES = YES;
				CLANG_WARN_SUSPICIOUS_MOVE = YES;
				CLANG_WARN_UNGUARDED_AVAILABILITY = YES_AGGRESSIVE;
				CLANG_WARN_UNREACHABLE_CODE = YES;
				CLANG_WARN__DUPLICATE_METHOD_MATCH = YES;
				COPY_PHASE_STRIP = NO;
				DEBUG_INFORMATION_FORMAT = "dwarf-with-dsym";
				ENABLE_NS_ASSERTIONS = NO;
				ENABLE_STRICT_OBJC_MSGSEND = YES;
				GCC_C_LANGUAGE_STANDARD = gnu11;
				GCC_NO_COMMON_BLOCKS = YES;
				GCC_WARN_64_TO_32_BIT_CONVERSION = YES;
				GCC_WARN_ABOUT_RETURN_TYPE = YES_ERROR;
				GCC_WARN_UNDECLARED_SELECTOR = YES;
				GCC_WARN_UNINITIALIZED_AUTOS = YES_AGGRESSIVE;
				GCC_WARN_UNUSED_FUNCTION = YES;
				GCC_WARN_UNUSED_VARIABLE = YES;
				IPHONEOS_DEPLOYMENT_TARGET = 13.5;
				MTL_ENABLE_DEBUG_INFO = NO;
				MTL_FAST_MATH = YES;
				SDKROOT = iphoneos;
				SWIFT_COMPILATION_MODE = wholemodule;
				SWIFT_OPTIMIZATION_LEVEL = "-O";
				VALIDATE_PRODUCT = YES;
			};
			name = Release;
		};
		04901FE9249CA2650086A508 /* Debug */ = {
			isa = XCBuildConfiguration;
			baseConfigurationReference = 7ACAC79A9D010EFE705542C6 /* Pods-WYJKitDemo.debug.xcconfig */;
			buildSettings = {
				ASSETCATALOG_COMPILER_APPICON_NAME = AppIcon;
				CODE_SIGN_STYLE = Automatic;
				CURRENT_PROJECT_VERSION = 1;
				DEVELOPMENT_TEAM = 63X4PDHZJB;
				ENABLE_BITCODE = NO;
				INFOPLIST_FILE = "$(SRCROOT)/WYJKitDemo/Info.plist";
				IPHONEOS_DEPLOYMENT_TARGET = 10.0;
				LD_RUNPATH_SEARCH_PATHS = (
					"$(inherited)",
					"@executable_path/Frameworks",
				);
				MARKETING_VERSION = 1.0;
				OTHER_LDFLAGS = (
					"$(inherited)",
					"-framework",
					"\"Alamofire\"",
					"-framework",
					"\"CFNetwork\"",
					"-framework",
					"\"CoreGraphics\"",
					"-framework",
					"\"DZNEmptyDataSet\"",
					"-framework",
					"\"MBProgressHUD\"",
					"-framework",
					"\"MJRefresh\"",
					"-framework",
					"\"QuartzCore\"",
					"-framework",
					"\"SnapKit\"",
					"-framework",
					"\"UIKit\"",
					"-Xlinker",
					"-interposable",
				);
				PRODUCT_BUNDLE_IDENTIFIER = com.mk.WYJKits;
				PRODUCT_NAME = "$(TARGET_NAME)";
				SWIFT_OBJC_BRIDGING_HEADER = "$(SRCROOT)/WYJKitDemo/WYJKits-Bridging-Header.h";
				SWIFT_VERSION = 5.0;
				TARGETED_DEVICE_FAMILY = "1,2";
			};
			name = Debug;
		};
		04901FEA249CA2650086A508 /* Release */ = {
			isa = XCBuildConfiguration;
			baseConfigurationReference = 29AD45FC63BFB14FECC0E0AE /* Pods-WYJKitDemo.release.xcconfig */;
			buildSettings = {
				ASSETCATALOG_COMPILER_APPICON_NAME = AppIcon;
				CODE_SIGN_STYLE = Automatic;
				CURRENT_PROJECT_VERSION = 1;
				DEVELOPMENT_TEAM = 63X4PDHZJB;
				ENABLE_BITCODE = NO;
				INFOPLIST_FILE = "$(SRCROOT)/WYJKitDemo/Info.plist";
				IPHONEOS_DEPLOYMENT_TARGET = 10.0;
				LD_RUNPATH_SEARCH_PATHS = (
					"$(inherited)",
					"@executable_path/Frameworks",
				);
				MARKETING_VERSION = 1.0;
				OTHER_LDFLAGS = (
					"$(inherited)",
					"-framework",
					"\"Alamofire\"",
					"-framework",
					"\"CFNetwork\"",
					"-framework",
					"\"CoreGraphics\"",
					"-framework",
					"\"DZNEmptyDataSet\"",
					"-framework",
					"\"MBProgressHUD\"",
					"-framework",
					"\"MJRefresh\"",
					"-framework",
					"\"QuartzCore\"",
					"-framework",
					"\"SnapKit\"",
					"-framework",
					"\"UIKit\"",
					"-Xlinker",
					"-interposable",
				);
				PRODUCT_BUNDLE_IDENTIFIER = com.mk.WYJKits;
				PRODUCT_NAME = "$(TARGET_NAME)";
				SWIFT_OBJC_BRIDGING_HEADER = "$(SRCROOT)/WYJKitDemo/WYJKits-Bridging-Header.h";
				SWIFT_VERSION = 5.0;
				TARGETED_DEVICE_FAMILY = "1,2";
			};
			name = Release;
		};
		04901FEC249CA2650086A508 /* Debug */ = {
			isa = XCBuildConfiguration;
			buildSettings = {
				ALWAYS_EMBED_SWIFT_STANDARD_LIBRARIES = YES;
				BUNDLE_LOADER = "$(TEST_HOST)";
				CODE_SIGN_STYLE = Automatic;
				DEVELOPMENT_TEAM = 63X4PDHZJB;
				INFOPLIST_FILE = YJSwiftKitTests/Info.plist;
				IPHONEOS_DEPLOYMENT_TARGET = 13.5;
				LD_RUNPATH_SEARCH_PATHS = (
					"$(inherited)",
					"@executable_path/Frameworks",
					"@loader_path/Frameworks",
				);
				PRODUCT_BUNDLE_IDENTIFIER = com.mk.YJSwiftKitTests;
				PRODUCT_NAME = "$(TARGET_NAME)";
				SWIFT_VERSION = 5.0;
				TARGETED_DEVICE_FAMILY = "1,2";
				TEST_HOST = "$(BUILT_PRODUCTS_DIR)/WYJKitDemo.app/WYJKitDemo";
			};
			name = Debug;
		};
		04901FED249CA2650086A508 /* Release */ = {
			isa = XCBuildConfiguration;
			buildSettings = {
				ALWAYS_EMBED_SWIFT_STANDARD_LIBRARIES = YES;
				BUNDLE_LOADER = "$(TEST_HOST)";
				CODE_SIGN_STYLE = Automatic;
				DEVELOPMENT_TEAM = 63X4PDHZJB;
				INFOPLIST_FILE = YJSwiftKitTests/Info.plist;
				IPHONEOS_DEPLOYMENT_TARGET = 13.5;
				LD_RUNPATH_SEARCH_PATHS = (
					"$(inherited)",
					"@executable_path/Frameworks",
					"@loader_path/Frameworks",
				);
				PRODUCT_BUNDLE_IDENTIFIER = com.mk.YJSwiftKitTests;
				PRODUCT_NAME = "$(TARGET_NAME)";
				SWIFT_VERSION = 5.0;
				TARGETED_DEVICE_FAMILY = "1,2";
				TEST_HOST = "$(BUILT_PRODUCTS_DIR)/WYJKitDemo.app/WYJKitDemo";
			};
			name = Release;
		};
		04901FEF249CA2650086A508 /* Debug */ = {
			isa = XCBuildConfiguration;
			buildSettings = {
				ALWAYS_EMBED_SWIFT_STANDARD_LIBRARIES = YES;
				CODE_SIGN_STYLE = Automatic;
				DEVELOPMENT_TEAM = 63X4PDHZJB;
				INFOPLIST_FILE = YJSwiftKitUITests/Info.plist;
				LD_RUNPATH_SEARCH_PATHS = (
					"$(inherited)",
					"@executable_path/Frameworks",
					"@loader_path/Frameworks",
				);
				PRODUCT_BUNDLE_IDENTIFIER = com.mk.YJSwiftKitUITests;
				PRODUCT_NAME = "$(TARGET_NAME)";
				SWIFT_VERSION = 5.0;
				TARGETED_DEVICE_FAMILY = "1,2";
				TEST_TARGET_NAME = YJSwiftKit;
			};
			name = Debug;
		};
		04901FF0249CA2650086A508 /* Release */ = {
			isa = XCBuildConfiguration;
			buildSettings = {
				ALWAYS_EMBED_SWIFT_STANDARD_LIBRARIES = YES;
				CODE_SIGN_STYLE = Automatic;
				DEVELOPMENT_TEAM = 63X4PDHZJB;
				INFOPLIST_FILE = YJSwiftKitUITests/Info.plist;
				LD_RUNPATH_SEARCH_PATHS = (
					"$(inherited)",
					"@executable_path/Frameworks",
					"@loader_path/Frameworks",
				);
				PRODUCT_BUNDLE_IDENTIFIER = com.mk.YJSwiftKitUITests;
				PRODUCT_NAME = "$(TARGET_NAME)";
				SWIFT_VERSION = 5.0;
				TARGETED_DEVICE_FAMILY = "1,2";
				TEST_TARGET_NAME = YJSwiftKit;
			};
			name = Release;
		};
/* End XCBuildConfiguration section */

/* Begin XCConfigurationList section */
		04901FB9249CA25F0086A508 /* Build configuration list for PBXProject "WYJKitDemo" */ = {
			isa = XCConfigurationList;
			buildConfigurations = (
				04901FE6249CA2650086A508 /* Debug */,
				04901FE7249CA2650086A508 /* Release */,
			);
			defaultConfigurationIsVisible = 0;
			defaultConfigurationName = Release;
		};
		04901FE8249CA2650086A508 /* Build configuration list for PBXNativeTarget "WYJKitDemo" */ = {
			isa = XCConfigurationList;
			buildConfigurations = (
				04901FE9249CA2650086A508 /* Debug */,
				04901FEA249CA2650086A508 /* Release */,
			);
			defaultConfigurationIsVisible = 0;
			defaultConfigurationName = Release;
		};
		04901FEB249CA2650086A508 /* Build configuration list for PBXNativeTarget "WYJKitDemoTests" */ = {
			isa = XCConfigurationList;
			buildConfigurations = (
				04901FEC249CA2650086A508 /* Debug */,
				04901FED249CA2650086A508 /* Release */,
			);
			defaultConfigurationIsVisible = 0;
			defaultConfigurationName = Release;
		};
		04901FEE249CA2650086A508 /* Build configuration list for PBXNativeTarget "WYJKitDemoUITests" */ = {
			isa = XCConfigurationList;
			buildConfigurations = (
				04901FEF249CA2650086A508 /* Debug */,
				04901FF0249CA2650086A508 /* Release */,
			);
			defaultConfigurationIsVisible = 0;
			defaultConfigurationName = Release;
		};
/* End XCConfigurationList section */
	};
	rootObject = 04901FB6249CA25F0086A508 /* Project object */;
}
