// !$*UTF8*$!
{
	archiveVersion = 1;
	classes = {
	};
	objectVersion = 51;
	objects = {

/* Begin PBXBuildFile section */
		09815B9CA44089300335BC42 /* Pods_IYXKitDemo.framework in Frameworks */ = {isa = PBXBuildFile; fileRef = B8D34ADD678132785E6918A6 /* Pods_IYXKitDemo.framework */; };
		63243EF02589DE380065688B /* RSA.m in Sources */ = {isa = PBXBuildFile; fileRef = 63243EE02589DE380065688B /* RSA.m */; };
		63243EF12589DE380065688B /* ViewController.swift in Sources */ = {isa = PBXBuildFile; fileRef = 63243EE32589DE380065688B /* ViewController.swift */; };
		63243EF22589DE380065688B /* Assets.xcassets in Resources */ = {isa = PBXBuildFile; fileRef = 63243EE42589DE380065688B /* Assets.xcassets */; };
		63243EF32589DE380065688B /* MyViewController.swift in Sources */ = {isa = PBXBuildFile; fileRef = 63243EE52589DE380065688B /* MyViewController.swift */; };
		63243EF42589DE380065688B /* LaunchScreen.storyboard in Resources */ = {isa = PBXBuildFile; fileRef = 63243EE62589DE380065688B /* LaunchScreen.storyboard */; };
		63243EF52589DE380065688B /* Main.storyboard in Resources */ = {isa = PBXBuildFile; fileRef = 63243EE82589DE380065688B /* Main.storyboard */; };
		63243EF62589DE380065688B /* NoData.png in Resources */ = {isa = PBXBuildFile; fileRef = 63243EEA2589DE380065688B /* NoData.png */; };
		63243EF72589DE380065688B /* WeChat66467de1e87eb0c1de1a8add1099df0b.png in Resources */ = {isa = PBXBuildFile; fileRef = 63243EEC2589DE380065688B /* WeChat66467de1e87eb0c1de1a8add1099df0b.png */; };
		63243EF82589DE380065688B /* AppDelegate.swift in Sources */ = {isa = PBXBuildFile; fileRef = 63243EED2589DE380065688B /* AppDelegate.swift */; };
		63243EF92589DE380065688B /* Info.plist in Resources */ = {isa = PBXBuildFile; fileRef = 63243EEF2589DE380065688B /* Info.plist */; };
		63243F602589DE4B0065688B /* QYImage.swift in Sources */ = {isa = PBXBuildFile; fileRef = 63243F042589DE4B0065688B /* QYImage.swift */; };
		63243F612589DE4B0065688B /* QYLabel.swift in Sources */ = {isa = PBXBuildFile; fileRef = 63243F062589DE4B0065688B /* QYLabel.swift */; };
		63243F622589DE4B0065688B /* QYGradientLabel.swift in Sources */ = {isa = PBXBuildFile; fileRef = 63243F072589DE4B0065688B /* QYGradientLabel.swift */; };
		63243F632589DE4B0065688B /* QYButton.swift in Sources */ = {isa = PBXBuildFile; fileRef = 63243F092589DE4B0065688B /* QYButton.swift */; };
		63243F642589DE4B0065688B /* QYCountDownButton.swift in Sources */ = {isa = PBXBuildFile; fileRef = 63243F0A2589DE4B0065688B /* QYCountDownButton.swift */; };
		63243F652589DE4B0065688B /* QYColor.swift in Sources */ = {isa = PBXBuildFile; fileRef = 63243F0C2589DE4B0065688B /* QYColor.swift */; };
		63243F662589DE4B0065688B /* QYAlert.swift in Sources */ = {isa = PBXBuildFile; fileRef = 63243F0E2589DE4B0065688B /* QYAlert.swift */; };
		63243F672589DE4B0065688B /* QYView.swift in Sources */ = {isa = PBXBuildFile; fileRef = 63243F102589DE4B0065688B /* QYView.swift */; };
		63243F682589DE4B0065688B /* QYDatePickerViewController.swift in Sources */ = {isa = PBXBuildFile; fileRef = 63243F122589DE4B0065688B /* QYDatePickerViewController.swift */; };
		63243F692589DE4B0065688B /* QYTextView.swift in Sources */ = {isa = PBXBuildFile; fileRef = 63243F142589DE4B0065688B /* QYTextView.swift */; };
		63243F6A2589DE4B0065688B /* QYBlockGesture.swift in Sources */ = {isa = PBXBuildFile; fileRef = 63243F162589DE4B0065688B /* QYBlockGesture.swift */; };
		63243F6B2589DE4B0065688B /* QYDevice.swift in Sources */ = {isa = PBXBuildFile; fileRef = 63243F182589DE4B0065688B /* QYDevice.swift */; };
		63243F6C2589DE4B0065688B /* QYBaseCollectionView.swift in Sources */ = {isa = PBXBuildFile; fileRef = 63243F1A2589DE4B0065688B /* QYBaseCollectionView.swift */; };
		63243F6D2589DE4B0065688B /* QYBaseViewController.swift in Sources */ = {isa = PBXBuildFile; fileRef = 63243F1C2589DE4B0065688B /* QYBaseViewController.swift */; };
		63243F6E2589DE4B0065688B /* QYViewController.swift in Sources */ = {isa = PBXBuildFile; fileRef = 63243F1D2589DE4B0065688B /* QYViewController.swift */; };
		63243F6F2589DE4B0065688B /* QYBaseNavigationController.swift in Sources */ = {isa = PBXBuildFile; fileRef = 63243F1F2589DE4B0065688B /* QYBaseNavigationController.swift */; };
		63243F702589DE4B0065688B /* QYTableViewDelegate.swift in Sources */ = {isa = PBXBuildFile; fileRef = 63243F212589DE4B0065688B /* QYTableViewDelegate.swift */; };
		63243F712589DE4B0065688B /* QYBaseTableView.swift in Sources */ = {isa = PBXBuildFile; fileRef = 63243F222589DE4B0065688B /* QYBaseTableView.swift */; };
		63243F722589DE4B0065688B /* QYTextField.swift in Sources */ = {isa = PBXBuildFile; fileRef = 63243F242589DE4B0065688B /* QYTextField.swift */; };
		63243F732589DE4B0065688B /* QYToolManager.swift in Sources */ = {isa = PBXBuildFile; fileRef = 63243F262589DE4B0065688B /* QYToolManager.swift */; };
		63243F742589DE4B0065688B /* QYThen.swift in Sources */ = {isa = PBXBuildFile; fileRef = 63243F292589DE4B0065688B /* QYThen.swift */; };
		63243F752589DE4B0065688B /* QYDispatchQueue.swift in Sources */ = {isa = PBXBuildFile; fileRef = 63243F2B2589DE4B0065688B /* QYDispatchQueue.swift */; };
		63243F762589DE4B0065688B /* QYCustomDataType.swift in Sources */ = {isa = PBXBuildFile; fileRef = 63243F2D2589DE4B0065688B /* QYCustomDataType.swift */; };
		63243F772589DE4B0065688B /* QYCodable.swift in Sources */ = {isa = PBXBuildFile; fileRef = 63243F2E2589DE4B0065688B /* QYCodable.swift */; };
		63243F782589DE4B0065688B /* QYArray.swift in Sources */ = {isa = PBXBuildFile; fileRef = 63243F302589DE4B0065688B /* QYArray.swift */; };
		63243F792589DE4B0065688B /* QYDate.swift in Sources */ = {isa = PBXBuildFile; fileRef = 63243F322589DE4B0065688B /* QYDate.swift */; };
		63243F7A2589DE4B0065688B /* QYInt.swift in Sources */ = {isa = PBXBuildFile; fileRef = 63243F342589DE4B0065688B /* QYInt.swift */; };
		63243F7B2589DE4B0065688B /* QYDictionary.swift in Sources */ = {isa = PBXBuildFile; fileRef = 63243F362589DE4B0065688B /* QYDictionary.swift */; };
		63243F7C2589DE4B0065688B /* QYFloat.swift in Sources */ = {isa = PBXBuildFile; fileRef = 63243F382589DE4B0065688B /* QYFloat.swift */; };
		63243F7D2589DE4B0065688B /* QYDouble.swift in Sources */ = {isa = PBXBuildFile; fileRef = 63243F3A2589DE4B0065688B /* QYDouble.swift */; };
		63243F7E2589DE4B0065688B /* QYOperation.swift in Sources */ = {isa = PBXBuildFile; fileRef = 63243F3C2589DE4B0065688B /* QYOperation.swift */; };
		63243F7F2589DE4B0065688B /* QYString.swift in Sources */ = {isa = PBXBuildFile; fileRef = 63243F3E2589DE4B0065688B /* QYString.swift */; };
		63243F802589DE4B0065688B /* QYAttributedString.swift in Sources */ = {isa = PBXBuildFile; fileRef = 63243F3F2589DE4B0065688B /* QYAttributedString.swift */; };
		63243F812589DE4B0065688B /* QYObject.swift in Sources */ = {isa = PBXBuildFile; fileRef = 63243F412589DE4B0065688B /* QYObject.swift */; };
		63243F822589DE4B0065688B /* QYData.swift in Sources */ = {isa = PBXBuildFile; fileRef = 63243F432589DE4B0065688B /* QYData.swift */; };
		63243F832589DE4B0065688B /* QYJSON.swift in Sources */ = {isa = PBXBuildFile; fileRef = 63243F452589DE4B0065688B /* QYJSON.swift */; };
		63243F842589DE4B0065688B /* QYAlamofire.swift in Sources */ = {isa = PBXBuildFile; fileRef = 63243F472589DE4B0065688B /* QYAlamofire.swift */; };
		63243F852589DE4B0065688B /* QYHUD.swift in Sources */ = {isa = PBXBuildFile; fileRef = 63243F492589DE4B0065688B /* QYHUD.swift */; };
		63243F862589DE4B0065688B /* QYRegular.swift in Sources */ = {isa = PBXBuildFile; fileRef = 63243F4C2589DE4B0065688B /* QYRegular.swift */; };
		63243F872589DE4B0065688B /* QYPageViewController.swift in Sources */ = {isa = PBXBuildFile; fileRef = 63243F4E2589DE4B0065688B /* QYPageViewController.swift */; };
		63243F882589DE4B0065688B /* QYConfigurable.swift in Sources */ = {isa = PBXBuildFile; fileRef = 63243F502589DE4B0065688B /* QYConfigurable.swift */; };
		63243F892589DE4B0065688B /* QYAppInfo.swift in Sources */ = {isa = PBXBuildFile; fileRef = 63243F522589DE4B0065688B /* QYAppInfo.swift */; };
		63243F8A2589DE4B0065688B /* QYSystem.swift in Sources */ = {isa = PBXBuildFile; fileRef = 63243F542589DE4B0065688B /* QYSystem.swift */; };
		63243F8B2589DE4B0065688B /* QYTouchIDManager.swift in Sources */ = {isa = PBXBuildFile; fileRef = 63243F562589DE4B0065688B /* QYTouchIDManager.swift */; };
		63243F8C2589DE4B0065688B /* QYLocation.swift in Sources */ = {isa = PBXBuildFile; fileRef = 63243F582589DE4B0065688B /* QYLocation.swift */; };
		63243F8D2589DE4B0065688B /* QYPermissionsDetection.swift in Sources */ = {isa = PBXBuildFile; fileRef = 63243F5A2589DE4B0065688B /* QYPermissionsDetection.swift */; };
		63243F8E2589DE4B0065688B /* QYCameraController.swift in Sources */ = {isa = PBXBuildFile; fileRef = 63243F5C2589DE4B0065688B /* QYCameraController.swift */; };
		63243F8F2589DE4B0065688B /* address-code.json in Resources */ = {isa = PBXBuildFile; fileRef = 63243F5E2589DE4B0065688B /* address-code.json */; };
		63243F902589DE4B0065688B /* Images.xcassets in Resources */ = {isa = PBXBuildFile; fileRef = 63243F5F2589DE4B0065688B /* Images.xcassets */; };
/* End PBXBuildFile section */

/* Begin PBXContainerItemProxy section */
		04901FD5249CA2650086A508 /* PBXContainerItemProxy */ = {
			isa = PBXContainerItemProxy;
			containerPortal = 04901FB6249CA25F0086A508 /* Project object */;
			proxyType = 1;
			remoteGlobalIDString = 04901FBD249CA25F0086A508;
			remoteInfo = YJSwiftKit;
		};
		04901FE0249CA2650086A508 /* PBXContainerItemProxy */ = {
			isa = PBXContainerItemProxy;
			containerPortal = 04901FB6249CA25F0086A508 /* Project object */;
			proxyType = 1;
			remoteGlobalIDString = 04901FBD249CA25F0086A508;
			remoteInfo = YJSwiftKit;
		};
/* End PBXContainerItemProxy section */

/* Begin PBXFileReference section */
		04901FBE249CA25F0086A508 /* WYJKitDemo.app */ = {isa = PBXFileReference; explicitFileType = wrapper.application; includeInIndex = 0; path = WYJKitDemo.app; sourceTree = BUILT_PRODUCTS_DIR; };
		04901FD4249CA2650086A508 /* WYJKitDemoTests.xctest */ = {isa = PBXFileReference; explicitFileType = wrapper.cfbundle; includeInIndex = 0; path = WYJKitDemoTests.xctest; sourceTree = BUILT_PRODUCTS_DIR; };
		04901FDF249CA2650086A508 /* WYJKitDemoUITests.xctest */ = {isa = PBXFileReference; explicitFileType = wrapper.cfbundle; includeInIndex = 0; path = WYJKitDemoUITests.xctest; sourceTree = BUILT_PRODUCTS_DIR; };
		1BEBF068CD58975CC4EF7587 /* Pods-YXKitDemo.release.xcconfig */ = {isa = PBXFileReference; includeInIndex = 1; lastKnownFileType = text.xcconfig; name = "Pods-YXKitDemo.release.xcconfig"; path = "Target Support Files/Pods-YXKitDemo/Pods-YXKitDemo.release.xcconfig"; sourceTree = "<group>"; };
		38518928AD5ACCDA2E21AF37 /* Pods-YJSwiftKit.debug.xcconfig */ = {isa = PBXFileReference; includeInIndex = 1; lastKnownFileType = text.xcconfig; name = "Pods-YJSwiftKit.debug.xcconfig"; path = "Target Support Files/Pods-YJSwiftKit/Pods-YJSwiftKit.debug.xcconfig"; sourceTree = "<group>"; };
		43527D8192BD4580F87ED551 /* Pods-QYKit.release.xcconfig */ = {isa = PBXFileReference; includeInIndex = 1; lastKnownFileType = text.xcconfig; name = "Pods-QYKit.release.xcconfig"; path = "Target Support Files/Pods-QYKit/Pods-QYKit.release.xcconfig"; sourceTree = "<group>"; };
		63243EDE2589DE380065688B /* IYXKit-Bridging-Header.h */ = {isa = PBXFileReference; fileEncoding = 4; lastKnownFileType = sourcecode.c.h; path = "IYXKit-Bridging-Header.h"; sourceTree = "<group>"; };
		63243EE02589DE380065688B /* RSA.m */ = {isa = PBXFileReference; fileEncoding = 4; lastKnownFileType = sourcecode.c.objc; path = RSA.m; sourceTree = "<group>"; };
		63243EE12589DE380065688B /* RSA.h */ = {isa = PBXFileReference; fileEncoding = 4; lastKnownFileType = sourcecode.c.h; path = RSA.h; sourceTree = "<group>"; };
		63243EE32589DE380065688B /* ViewController.swift */ = {isa = PBXFileReference; fileEncoding = 4; lastKnownFileType = sourcecode.swift; path = ViewController.swift; sourceTree = "<group>"; };
		63243EE42589DE380065688B /* Assets.xcassets */ = {isa = PBXFileReference; lastKnownFileType = folder.assetcatalog; path = Assets.xcassets; sourceTree = "<group>"; };
		63243EE52589DE380065688B /* MyViewController.swift */ = {isa = PBXFileReference; fileEncoding = 4; lastKnownFileType = sourcecode.swift; path = MyViewController.swift; sourceTree = "<group>"; };
		63243EE72589DE380065688B /* Base */ = {isa = PBXFileReference; lastKnownFileType = file.storyboard; name = Base; path = Base.lproj/LaunchScreen.storyboard; sourceTree = "<group>"; };
		63243EE92589DE380065688B /* Base */ = {isa = PBXFileReference; lastKnownFileType = file.storyboard; name = Base; path = Base.lproj/Main.storyboard; sourceTree = "<group>"; };
		63243EEA2589DE380065688B /* NoData.png */ = {isa = PBXFileReference; lastKnownFileType = image.png; path = NoData.png; sourceTree = "<group>"; };
		63243EEB2589DE380065688B /* MyPlayground.playground */ = {isa = PBXFileReference; lastKnownFileType = file.playground; path = MyPlayground.playground; sourceTree = "<group>"; };
		63243EEC2589DE380065688B /* WeChat66467de1e87eb0c1de1a8add1099df0b.png */ = {isa = PBXFileReference; lastKnownFileType = image.png; path = WeChat66467de1e87eb0c1de1a8add1099df0b.png; sourceTree = "<group>"; };
		63243EED2589DE380065688B /* AppDelegate.swift */ = {isa = PBXFileReference; fileEncoding = 4; lastKnownFileType = sourcecode.swift; path = AppDelegate.swift; sourceTree = "<group>"; };
		63243EEE2589DE380065688B /* MyPlayground.playground */ = {isa = PBXFileReference; lastKnownFileType = file.playground; path = MyPlayground.playground; sourceTree = "<group>"; };
		63243EEF2589DE380065688B /* Info.plist */ = {isa = PBXFileReference; fileEncoding = 4; lastKnownFileType = text.plist.xml; path = Info.plist; sourceTree = "<group>"; };
		63243F032589DE4B0065688B /* image.playground */ = {isa = PBXFileReference; lastKnownFileType = file.playground; path = image.playground; sourceTree = "<group>"; };
		63243F042589DE4B0065688B /* QYImage.swift */ = {isa = PBXFileReference; fileEncoding = 4; lastKnownFileType = sourcecode.swift; path = QYImage.swift; sourceTree = "<group>"; };
		63243F062589DE4B0065688B /* QYLabel.swift */ = {isa = PBXFileReference; fileEncoding = 4; lastKnownFileType = sourcecode.swift; path = QYLabel.swift; sourceTree = "<group>"; };
		63243F072589DE4B0065688B /* QYGradientLabel.swift */ = {isa = PBXFileReference; fileEncoding = 4; lastKnownFileType = sourcecode.swift; path = QYGradientLabel.swift; sourceTree = "<group>"; };
		63243F092589DE4B0065688B /* QYButton.swift */ = {isa = PBXFileReference; fileEncoding = 4; lastKnownFileType = sourcecode.swift; path = QYButton.swift; sourceTree = "<group>"; };
		63243F0A2589DE4B0065688B /* QYCountDownButton.swift */ = {isa = PBXFileReference; fileEncoding = 4; lastKnownFileType = sourcecode.swift; path = QYCountDownButton.swift; sourceTree = "<group>"; };
		63243F0C2589DE4B0065688B /* QYColor.swift */ = {isa = PBXFileReference; fileEncoding = 4; lastKnownFileType = sourcecode.swift; path = QYColor.swift; sourceTree = "<group>"; };
		63243F0E2589DE4B0065688B /* QYAlert.swift */ = {isa = PBXFileReference; fileEncoding = 4; lastKnownFileType = sourcecode.swift; path = QYAlert.swift; sourceTree = "<group>"; };
		63243F102589DE4B0065688B /* QYView.swift */ = {isa = PBXFileReference; fileEncoding = 4; lastKnownFileType = sourcecode.swift; path = QYView.swift; sourceTree = "<group>"; };
		63243F122589DE4B0065688B /* QYDatePickerViewController.swift */ = {isa = PBXFileReference; fileEncoding = 4; lastKnownFileType = sourcecode.swift; path = QYDatePickerViewController.swift; sourceTree = "<group>"; };
		63243F142589DE4B0065688B /* QYTextView.swift */ = {isa = PBXFileReference; fileEncoding = 4; lastKnownFileType = sourcecode.swift; path = QYTextView.swift; sourceTree = "<group>"; };
		63243F162589DE4B0065688B /* QYBlockGesture.swift */ = {isa = PBXFileReference; fileEncoding = 4; lastKnownFileType = sourcecode.swift; path = QYBlockGesture.swift; sourceTree = "<group>"; };
		63243F182589DE4B0065688B /* QYDevice.swift */ = {isa = PBXFileReference; fileEncoding = 4; lastKnownFileType = sourcecode.swift; path = QYDevice.swift; sourceTree = "<group>"; };
		63243F1A2589DE4B0065688B /* QYBaseCollectionView.swift */ = {isa = PBXFileReference; fileEncoding = 4; lastKnownFileType = sourcecode.swift; path = QYBaseCollectionView.swift; sourceTree = "<group>"; };
		63243F1C2589DE4B0065688B /* QYBaseViewController.swift */ = {isa = PBXFileReference; fileEncoding = 4; lastKnownFileType = sourcecode.swift; path = QYBaseViewController.swift; sourceTree = "<group>"; };
		63243F1D2589DE4B0065688B /* QYViewController.swift */ = {isa = PBXFileReference; fileEncoding = 4; lastKnownFileType = sourcecode.swift; path = QYViewController.swift; sourceTree = "<group>"; };
		63243F1F2589DE4B0065688B /* QYBaseNavigationController.swift */ = {isa = PBXFileReference; fileEncoding = 4; lastKnownFileType = sourcecode.swift; path = QYBaseNavigationController.swift; sourceTree = "<group>"; };
		63243F212589DE4B0065688B /* QYTableViewDelegate.swift */ = {isa = PBXFileReference; fileEncoding = 4; lastKnownFileType = sourcecode.swift; path = QYTableViewDelegate.swift; sourceTree = "<group>"; };
		63243F222589DE4B0065688B /* QYBaseTableView.swift */ = {isa = PBXFileReference; fileEncoding = 4; lastKnownFileType = sourcecode.swift; path = QYBaseTableView.swift; sourceTree = "<group>"; };
		63243F242589DE4B0065688B /* QYTextField.swift */ = {isa = PBXFileReference; fileEncoding = 4; lastKnownFileType = sourcecode.swift; path = QYTextField.swift; sourceTree = "<group>"; };
		63243F262589DE4B0065688B /* QYToolManager.swift */ = {isa = PBXFileReference; fileEncoding = 4; lastKnownFileType = sourcecode.swift; path = QYToolManager.swift; sourceTree = "<group>"; };
		63243F292589DE4B0065688B /* QYThen.swift */ = {isa = PBXFileReference; fileEncoding = 4; lastKnownFileType = sourcecode.swift; path = QYThen.swift; sourceTree = "<group>"; };
		63243F2B2589DE4B0065688B /* QYDispatchQueue.swift */ = {isa = PBXFileReference; fileEncoding = 4; lastKnownFileType = sourcecode.swift; path = QYDispatchQueue.swift; sourceTree = "<group>"; };
		63243F2D2589DE4B0065688B /* QYCustomDataType.swift */ = {isa = PBXFileReference; fileEncoding = 4; lastKnownFileType = sourcecode.swift; path = QYCustomDataType.swift; sourceTree = "<group>"; };
		63243F2E2589DE4B0065688B /* QYCodable.swift */ = {isa = PBXFileReference; fileEncoding = 4; lastKnownFileType = sourcecode.swift; path = QYCodable.swift; sourceTree = "<group>"; };
		63243F302589DE4B0065688B /* QYArray.swift */ = {isa = PBXFileReference; fileEncoding = 4; lastKnownFileType = sourcecode.swift; path = QYArray.swift; sourceTree = "<group>"; };
		63243F322589DE4B0065688B /* QYDate.swift */ = {isa = PBXFileReference; fileEncoding = 4; lastKnownFileType = sourcecode.swift; path = QYDate.swift; sourceTree = "<group>"; };
		63243F342589DE4B0065688B /* QYInt.swift */ = {isa = PBXFileReference; fileEncoding = 4; lastKnownFileType = sourcecode.swift; path = QYInt.swift; sourceTree = "<group>"; };
		63243F362589DE4B0065688B /* QYDictionary.swift */ = {isa = PBXFileReference; fileEncoding = 4; lastKnownFileType = sourcecode.swift; path = QYDictionary.swift; sourceTree = "<group>"; };
		63243F382589DE4B0065688B /* QYFloat.swift */ = {isa = PBXFileReference; fileEncoding = 4; lastKnownFileType = sourcecode.swift; path = QYFloat.swift; sourceTree = "<group>"; };
		63243F3A2589DE4B0065688B /* QYDouble.swift */ = {isa = PBXFileReference; fileEncoding = 4; lastKnownFileType = sourcecode.swift; path = QYDouble.swift; sourceTree = "<group>"; };
		63243F3C2589DE4B0065688B /* QYOperation.swift */ = {isa = PBXFileReference; fileEncoding = 4; lastKnownFileType = sourcecode.swift; path = QYOperation.swift; sourceTree = "<group>"; };
		63243F3E2589DE4B0065688B /* QYString.swift */ = {isa = PBXFileReference; fileEncoding = 4; lastKnownFileType = sourcecode.swift; path = QYString.swift; sourceTree = "<group>"; };
		63243F3F2589DE4B0065688B /* QYAttributedString.swift */ = {isa = PBXFileReference; fileEncoding = 4; lastKnownFileType = sourcecode.swift; path = QYAttributedString.swift; sourceTree = "<group>"; };
		63243F412589DE4B0065688B /* QYObject.swift */ = {isa = PBXFileReference; fileEncoding = 4; lastKnownFileType = sourcecode.swift; path = QYObject.swift; sourceTree = "<group>"; };
		63243F432589DE4B0065688B /* QYData.swift */ = {isa = PBXFileReference; fileEncoding = 4; lastKnownFileType = sourcecode.swift; path = QYData.swift; sourceTree = "<group>"; };
		63243F452589DE4B0065688B /* QYJSON.swift */ = {isa = PBXFileReference; fileEncoding = 4; lastKnownFileType = sourcecode.swift; path = QYJSON.swift; sourceTree = "<group>"; };
		63243F472589DE4B0065688B /* QYAlamofire.swift */ = {isa = PBXFileReference; fileEncoding = 4; lastKnownFileType = sourcecode.swift; path = QYAlamofire.swift; sourceTree = "<group>"; };
		63243F492589DE4B0065688B /* QYHUD.swift */ = {isa = PBXFileReference; fileEncoding = 4; lastKnownFileType = sourcecode.swift; path = QYHUD.swift; sourceTree = "<group>"; };
		63243F4C2589DE4B0065688B /* QYRegular.swift */ = {isa = PBXFileReference; fileEncoding = 4; lastKnownFileType = sourcecode.swift; path = QYRegular.swift; sourceTree = "<group>"; };
		63243F4E2589DE4B0065688B /* QYPageViewController.swift */ = {isa = PBXFileReference; fileEncoding = 4; lastKnownFileType = sourcecode.swift; path = QYPageViewController.swift; sourceTree = "<group>"; };
		63243F502589DE4B0065688B /* QYConfigurable.swift */ = {isa = PBXFileReference; fileEncoding = 4; lastKnownFileType = sourcecode.swift; path = QYConfigurable.swift; sourceTree = "<group>"; };
		63243F522589DE4B0065688B /* QYAppInfo.swift */ = {isa = PBXFileReference; fileEncoding = 4; lastKnownFileType = sourcecode.swift; path = QYAppInfo.swift; sourceTree = "<group>"; };
		63243F542589DE4B0065688B /* QYSystem.swift */ = {isa = PBXFileReference; fileEncoding = 4; lastKnownFileType = sourcecode.swift; path = QYSystem.swift; sourceTree = "<group>"; };
		63243F562589DE4B0065688B /* QYTouchIDManager.swift */ = {isa = PBXFileReference; fileEncoding = 4; lastKnownFileType = sourcecode.swift; path = QYTouchIDManager.swift; sourceTree = "<group>"; };
		63243F582589DE4B0065688B /* QYLocation.swift */ = {isa = PBXFileReference; fileEncoding = 4; lastKnownFileType = sourcecode.swift; path = QYLocation.swift; sourceTree = "<group>"; };
		63243F5A2589DE4B0065688B /* QYPermissionsDetection.swift */ = {isa = PBXFileReference; fileEncoding = 4; lastKnownFileType = sourcecode.swift; path = QYPermissionsDetection.swift; sourceTree = "<group>"; };
		63243F5C2589DE4B0065688B /* QYCameraController.swift */ = {isa = PBXFileReference; fileEncoding = 4; lastKnownFileType = sourcecode.swift; path = QYCameraController.swift; sourceTree = "<group>"; };
		63243F5E2589DE4B0065688B /* address-code.json */ = {isa = PBXFileReference; fileEncoding = 4; lastKnownFileType = text.json; path = "address-code.json"; sourceTree = "<group>"; };
		63243F5F2589DE4B0065688B /* Images.xcassets */ = {isa = PBXFileReference; lastKnownFileType = folder.assetcatalog; path = Images.xcassets; sourceTree = "<group>"; };
		78398B3861ED16B1DF9D9A4E /* Pods-IYXKitDemo.release.xcconfig */ = {isa = PBXFileReference; includeInIndex = 1; lastKnownFileType = text.xcconfig; name = "Pods-IYXKitDemo.release.xcconfig"; path = "Target Support Files/Pods-IYXKitDemo/Pods-IYXKitDemo.release.xcconfig"; sourceTree = "<group>"; };
		AA48D6AEB9A67077249D2F96 /* Pods-QYKitDemo.debug.xcconfig */ = {isa = PBXFileReference; includeInIndex = 1; lastKnownFileType = text.xcconfig; name = "Pods-QYKitDemo.debug.xcconfig"; path = "Target Support Files/Pods-QYKitDemo/Pods-QYKitDemo.debug.xcconfig"; sourceTree = "<group>"; };
		B8D34ADD678132785E6918A6 /* Pods_IYXKitDemo.framework */ = {isa = PBXFileReference; explicitFileType = wrapper.framework; includeInIndex = 0; path = Pods_IYXKitDemo.framework; sourceTree = BUILT_PRODUCTS_DIR; };
		BD5365B016AE7E3E115D7980 /* Pods-QYKit.debug.xcconfig */ = {isa = PBXFileReference; includeInIndex = 1; lastKnownFileType = text.xcconfig; name = "Pods-QYKit.debug.xcconfig"; path = "Target Support Files/Pods-QYKit/Pods-QYKit.debug.xcconfig"; sourceTree = "<group>"; };
		C0D9F2ACF6F1074AC025C4CF /* Pods-YXKitDemo.debug.xcconfig */ = {isa = PBXFileReference; includeInIndex = 1; lastKnownFileType = text.xcconfig; name = "Pods-YXKitDemo.debug.xcconfig"; path = "Target Support Files/Pods-YXKitDemo/Pods-YXKitDemo.debug.xcconfig"; sourceTree = "<group>"; };
		C855F5FFC743AD93607AA5ED /* Pods-QYKitDemo.release.xcconfig */ = {isa = PBXFileReference; includeInIndex = 1; lastKnownFileType = text.xcconfig; name = "Pods-QYKitDemo.release.xcconfig"; path = "Target Support Files/Pods-QYKitDemo/Pods-QYKitDemo.release.xcconfig"; sourceTree = "<group>"; };
		CCA3522B4CE838870EAB8F61 /* Pods-IYXKitDemo.debug.xcconfig */ = {isa = PBXFileReference; includeInIndex = 1; lastKnownFileType = text.xcconfig; name = "Pods-IYXKitDemo.debug.xcconfig"; path = "Target Support Files/Pods-IYXKitDemo/Pods-IYXKitDemo.debug.xcconfig"; sourceTree = "<group>"; };
		E70C75C4B2811F67EF626856 /* Pods-YJSwiftKit.release.xcconfig */ = {isa = PBXFileReference; includeInIndex = 1; lastKnownFileType = text.xcconfig; name = "Pods-YJSwiftKit.release.xcconfig"; path = "Target Support Files/Pods-YJSwiftKit/Pods-YJSwiftKit.release.xcconfig"; sourceTree = "<group>"; };
/* End PBXFileReference section */

/* Begin PBXFrameworksBuildPhase section */
		04901FBB249CA25F0086A508 /* Frameworks */ = {
			isa = PBXFrameworksBuildPhase;
			buildActionMask = 2147483647;
			files = (
				09815B9CA44089300335BC42 /* Pods_IYXKitDemo.framework in Frameworks */,
			);
			runOnlyForDeploymentPostprocessing = 0;
		};
		04901FD1249CA2650086A508 /* Frameworks */ = {
			isa = PBXFrameworksBuildPhase;
			buildActionMask = 2147483647;
			files = (
			);
			runOnlyForDeploymentPostprocessing = 0;
		};
		04901FDC249CA2650086A508 /* Frameworks */ = {
			isa = PBXFrameworksBuildPhase;
			buildActionMask = 2147483647;
			files = (
			);
			runOnlyForDeploymentPostprocessing = 0;
		};
/* End PBXFrameworksBuildPhase section */

/* Begin PBXGroup section */
		04901FB5249CA25F0086A508 = {
			isa = PBXGroup;
			children = (
				63243EDD2589DE380065688B /* WYJKitDemo */,
				04901FBF249CA25F0086A508 /* Products */,
				845C6C5FD91046F093DBF41D /* Pods */,
				2C84F23BE2757D374C837F7E /* Frameworks */,
			);
			sourceTree = "<group>";
		};
		04901FBF249CA25F0086A508 /* Products */ = {
			isa = PBXGroup;
			children = (
				04901FBE249CA25F0086A508 /* WYJKitDemo.app */,
				04901FD4249CA2650086A508 /* WYJKitDemoTests.xctest */,
				04901FDF249CA2650086A508 /* WYJKitDemoUITests.xctest */,
			);
			name = Products;
			sourceTree = "<group>";
		};
		2C84F23BE2757D374C837F7E /* Frameworks */ = {
			isa = PBXGroup;
			children = (
				B8D34ADD678132785E6918A6 /* Pods_IYXKitDemo.framework */,
			);
			name = Frameworks;
			sourceTree = "<group>";
		};
		63243EDD2589DE380065688B /* WYJKitDemo */ = {
			isa = PBXGroup;
			children = (
				63243F002589DE4B0065688B /* IYXKit */,
				63243EDE2589DE380065688B /* IYXKit-Bridging-Header.h */,
				63243EDF2589DE380065688B /* RSA */,
				63243EE22589DE380065688B /* other */,
				63243EEE2589DE380065688B /* MyPlayground.playground */,
				63243EEF2589DE380065688B /* Info.plist */,
			);
			path = WYJKitDemo;
			sourceTree = "<group>";
		};
		63243EDF2589DE380065688B /* RSA */ = {
			isa = PBXGroup;
			children = (
				63243EE02589DE380065688B /* RSA.m */,
				63243EE12589DE380065688B /* RSA.h */,
			);
			path = RSA;
			sourceTree = "<group>";
		};
		63243EE22589DE380065688B /* other */ = {
			isa = PBXGroup;
			children = (
				63243EE32589DE380065688B /* ViewController.swift */,
				63243EE42589DE380065688B /* Assets.xcassets */,
				63243EE52589DE380065688B /* MyViewController.swift */,
				63243EE62589DE380065688B /* LaunchScreen.storyboard */,
				63243EE82589DE380065688B /* Main.storyboard */,
				63243EEA2589DE380065688B /* NoData.png */,
				63243EEB2589DE380065688B /* MyPlayground.playground */,
				63243EEC2589DE380065688B /* WeChat66467de1e87eb0c1de1a8add1099df0b.png */,
				63243EED2589DE380065688B /* AppDelegate.swift */,
			);
			path = other;
			sourceTree = "<group>";
		};
		63243F002589DE4B0065688B /* IYXKit */ = {
			isa = PBXGroup;
			children = (
				63243F012589DE4B0065688B /* UI */,
				63243F252589DE4B0065688B /* 其它 */,
				63243F272589DE4B0065688B /* Foundation */,
				63243F442589DE4B0065688B /* 集成第三方 */,
				63243F4A2589DE4B0065688B /* 功能 */,
				63243F5D2589DE4B0065688B /* Resource */,
			);
			name = IYXKit;
			path = ../../IYXKit;
			sourceTree = "<group>";
		};
		63243F012589DE4B0065688B /* UI */ = {
			isa = PBXGroup;
			children = (
				63243F022589DE4B0065688B /* UIImage */,
				63243F052589DE4B0065688B /* UILabel */,
				63243F082589DE4B0065688B /* UIButton */,
				63243F0B2589DE4B0065688B /* UIColor */,
				63243F0D2589DE4B0065688B /* UIAlertController */,
				63243F0F2589DE4B0065688B /* UIView */,
				63243F112589DE4B0065688B /* DatePickerViewController */,
				63243F132589DE4B0065688B /* UITextView */,
				63243F152589DE4B0065688B /* UIPanGestureRecognizer */,
				63243F172589DE4B0065688B /* UIDevice */,
				63243F192589DE4B0065688B /* UICollectionView */,
				63243F1B2589DE4B0065688B /* UIViewController */,
				63243F1E2589DE4B0065688B /* UINavigationController */,
				63243F202589DE4B0065688B /* UITableView */,
				63243F232589DE4B0065688B /* UITextField */,
			);
			path = UI;
			sourceTree = "<group>";
		};
		63243F022589DE4B0065688B /* UIImage */ = {
			isa = PBXGroup;
			children = (
				63243F032589DE4B0065688B /* image.playground */,
				63243F042589DE4B0065688B /* QYImage.swift */,
			);
			path = UIImage;
			sourceTree = "<group>";
		};
		63243F052589DE4B0065688B /* UILabel */ = {
			isa = PBXGroup;
			children = (
				63243F062589DE4B0065688B /* QYLabel.swift */,
				63243F072589DE4B0065688B /* QYGradientLabel.swift */,
			);
			path = UILabel;
			sourceTree = "<group>";
		};
		63243F082589DE4B0065688B /* UIButton */ = {
			isa = PBXGroup;
			children = (
				63243F092589DE4B0065688B /* QYButton.swift */,
				63243F0A2589DE4B0065688B /* QYCountDownButton.swift */,
			);
			path = UIButton;
			sourceTree = "<group>";
		};
		63243F0B2589DE4B0065688B /* UIColor */ = {
			isa = PBXGroup;
			children = (
				63243F0C2589DE4B0065688B /* QYColor.swift */,
			);
			path = UIColor;
			sourceTree = "<group>";
		};
		63243F0D2589DE4B0065688B /* UIAlertController */ = {
			isa = PBXGroup;
			children = (
				63243F0E2589DE4B0065688B /* QYAlert.swift */,
			);
			path = UIAlertController;
			sourceTree = "<group>";
		};
		63243F0F2589DE4B0065688B /* UIView */ = {
			isa = PBXGroup;
			children = (
				63243F102589DE4B0065688B /* QYView.swift */,
			);
			path = UIView;
			sourceTree = "<group>";
		};
		63243F112589DE4B0065688B /* DatePickerViewController */ = {
			isa = PBXGroup;
			children = (
				63243F122589DE4B0065688B /* QYDatePickerViewController.swift */,
			);
			path = DatePickerViewController;
			sourceTree = "<group>";
		};
		63243F132589DE4B0065688B /* UITextView */ = {
			isa = PBXGroup;
			children = (
				63243F142589DE4B0065688B /* QYTextView.swift */,
			);
			path = UITextView;
			sourceTree = "<group>";
		};
		63243F152589DE4B0065688B /* UIPanGestureRecognizer */ = {
			isa = PBXGroup;
			children = (
				63243F162589DE4B0065688B /* QYBlockGesture.swift */,
			);
			path = UIPanGestureRecognizer;
			sourceTree = "<group>";
		};
		63243F172589DE4B0065688B /* UIDevice */ = {
			isa = PBXGroup;
			children = (
				63243F182589DE4B0065688B /* QYDevice.swift */,
			);
			path = UIDevice;
			sourceTree = "<group>";
		};
		63243F192589DE4B0065688B /* UICollectionView */ = {
			isa = PBXGroup;
			children = (
				63243F1A2589DE4B0065688B /* QYBaseCollectionView.swift */,
			);
			path = UICollectionView;
			sourceTree = "<group>";
		};
		63243F1B2589DE4B0065688B /* UIViewController */ = {
			isa = PBXGroup;
			children = (
				63243F1C2589DE4B0065688B /* QYBaseViewController.swift */,
				63243F1D2589DE4B0065688B /* QYViewController.swift */,
			);
			path = UIViewController;
			sourceTree = "<group>";
		};
		63243F1E2589DE4B0065688B /* UINavigationController */ = {
			isa = PBXGroup;
			children = (
				63243F1F2589DE4B0065688B /* QYBaseNavigationController.swift */,
			);
			path = UINavigationController;
			sourceTree = "<group>";
		};
		63243F202589DE4B0065688B /* UITableView */ = {
			isa = PBXGroup;
			children = (
				63243F212589DE4B0065688B /* QYTableViewDelegate.swift */,
				63243F222589DE4B0065688B /* QYBaseTableView.swift */,
			);
			path = UITableView;
			sourceTree = "<group>";
		};
		63243F232589DE4B0065688B /* UITextField */ = {
			isa = PBXGroup;
			children = (
				63243F242589DE4B0065688B /* QYTextField.swift */,
			);
			path = UITextField;
			sourceTree = "<group>";
		};
		63243F252589DE4B0065688B /* 其它 */ = {
			isa = PBXGroup;
			children = (
				63243F262589DE4B0065688B /* QYToolManager.swift */,
			);
			path = "其它";
			sourceTree = "<group>";
		};
		63243F272589DE4B0065688B /* Foundation */ = {
			isa = PBXGroup;
			children = (
				63243F282589DE4B0065688B /* then */,
				63243F2A2589DE4B0065688B /* DispatchQueue */,
				63243F2C2589DE4B0065688B /* Codable */,
				63243F2F2589DE4B0065688B /* Array */,
				63243F312589DE4B0065688B /* Date */,
				63243F332589DE4B0065688B /* Int */,
				63243F352589DE4B0065688B /* Dictionary */,
				63243F372589DE4B0065688B /* Float */,
				63243F392589DE4B0065688B /* Double */,
				63243F3B2589DE4B0065688B /* 运算符 */,
				63243F3D2589DE4B0065688B /* String */,
				63243F402589DE4B0065688B /* NSObject */,
				63243F422589DE4B0065688B /* Data */,
			);
			path = Foundation;
			sourceTree = "<group>";
		};
		63243F282589DE4B0065688B /* then */ = {
			isa = PBXGroup;
			children = (
				63243F292589DE4B0065688B /* QYThen.swift */,
			);
			path = then;
			sourceTree = "<group>";
		};
		63243F2A2589DE4B0065688B /* DispatchQueue */ = {
			isa = PBXGroup;
			children = (
				63243F2B2589DE4B0065688B /* QYDispatchQueue.swift */,
			);
			path = DispatchQueue;
			sourceTree = "<group>";
		};
		63243F2C2589DE4B0065688B /* Codable */ = {
			isa = PBXGroup;
			children = (
				63243F2D2589DE4B0065688B /* QYCustomDataType.swift */,
				63243F2E2589DE4B0065688B /* QYCodable.swift */,
			);
			path = Codable;
			sourceTree = "<group>";
		};
		63243F2F2589DE4B0065688B /* Array */ = {
			isa = PBXGroup;
			children = (
				63243F302589DE4B0065688B /* QYArray.swift */,
			);
			path = Array;
			sourceTree = "<group>";
		};
		63243F312589DE4B0065688B /* Date */ = {
			isa = PBXGroup;
			children = (
				63243F322589DE4B0065688B /* QYDate.swift */,
			);
			path = Date;
			sourceTree = "<group>";
		};
		63243F332589DE4B0065688B /* Int */ = {
			isa = PBXGroup;
			children = (
				63243F342589DE4B0065688B /* QYInt.swift */,
			);
			path = Int;
			sourceTree = "<group>";
		};
		63243F352589DE4B0065688B /* Dictionary */ = {
			isa = PBXGroup;
			children = (
				63243F362589DE4B0065688B /* QYDictionary.swift */,
			);
			path = Dictionary;
			sourceTree = "<group>";
		};
		63243F372589DE4B0065688B /* Float */ = {
			isa = PBXGroup;
			children = (
				63243F382589DE4B0065688B /* QYFloat.swift */,
			);
			path = Float;
			sourceTree = "<group>";
		};
		63243F392589DE4B0065688B /* Double */ = {
			isa = PBXGroup;
			children = (
				63243F3A2589DE4B0065688B /* QYDouble.swift */,
			);
			path = Double;
			sourceTree = "<group>";
		};
		63243F3B2589DE4B0065688B /* 运算符 */ = {
			isa = PBXGroup;
			children = (
				63243F3C2589DE4B0065688B /* QYOperation.swift */,
			);
			path = "运算符";
			sourceTree = "<group>";
		};
		63243F3D2589DE4B0065688B /* String */ = {
			isa = PBXGroup;
			children = (
				63243F3E2589DE4B0065688B /* QYString.swift */,
				63243F3F2589DE4B0065688B /* QYAttributedString.swift */,
			);
			path = String;
			sourceTree = "<group>";
		};
		63243F402589DE4B0065688B /* NSObject */ = {
			isa = PBXGroup;
			children = (
				63243F412589DE4B0065688B /* QYObject.swift */,
			);
			path = NSObject;
			sourceTree = "<group>";
		};
		63243F422589DE4B0065688B /* Data */ = {
			isa = PBXGroup;
			children = (
				63243F432589DE4B0065688B /* QYData.swift */,
			);
			path = Data;
			sourceTree = "<group>";
		};
		63243F442589DE4B0065688B /* 集成第三方 */ = {
			isa = PBXGroup;
			children = (
				63243F452589DE4B0065688B /* QYJSON.swift */,
				63243F462589DE4B0065688B /* Alamofire */,
				63243F482589DE4B0065688B /* MBHUD */,
			);
			path = "集成第三方";
			sourceTree = "<group>";
		};
		63243F462589DE4B0065688B /* Alamofire */ = {
			isa = PBXGroup;
			children = (
				63243F472589DE4B0065688B /* QYAlamofire.swift */,
			);
			path = Alamofire;
			sourceTree = "<group>";
		};
		63243F482589DE4B0065688B /* MBHUD */ = {
			isa = PBXGroup;
			children = (
				63243F492589DE4B0065688B /* QYHUD.swift */,
			);
			path = MBHUD;
			sourceTree = "<group>";
		};
		63243F4A2589DE4B0065688B /* 功能 */ = {
			isa = PBXGroup;
			children = (
				63243F4B2589DE4B0065688B /* 正则表达式 */,
				63243F4D2589DE4B0065688B /* PageViewController */,
				63243F4F2589DE4B0065688B /* 配置协议 */,
				63243F512589DE4B0065688B /* APP 信息 */,
				63243F532589DE4B0065688B /* 系统 */,
				63243F552589DE4B0065688B /* 指纹 */,
				63243F572589DE4B0065688B /* 定位 */,
				63243F592589DE4B0065688B /* 权限 */,
				63243F5B2589DE4B0065688B /* 相机 */,
			);
			path = "功能";
			sourceTree = "<group>";
		};
		63243F4B2589DE4B0065688B /* 正则表达式 */ = {
			isa = PBXGroup;
			children = (
				63243F4C2589DE4B0065688B /* QYRegular.swift */,
			);
			path = "正则表达式";
			sourceTree = "<group>";
		};
		63243F4D2589DE4B0065688B /* PageViewController */ = {
			isa = PBXGroup;
			children = (
				63243F4E2589DE4B0065688B /* QYPageViewController.swift */,
			);
			path = PageViewController;
			sourceTree = "<group>";
		};
		63243F4F2589DE4B0065688B /* 配置协议 */ = {
			isa = PBXGroup;
			children = (
				63243F502589DE4B0065688B /* QYConfigurable.swift */,
			);
			path = "配置协议";
			sourceTree = "<group>";
		};
		63243F512589DE4B0065688B /* APP 信息 */ = {
			isa = PBXGroup;
			children = (
				63243F522589DE4B0065688B /* QYAppInfo.swift */,
			);
			path = "APP 信息";
			sourceTree = "<group>";
		};
		63243F532589DE4B0065688B /* 系统 */ = {
			isa = PBXGroup;
			children = (
				63243F542589DE4B0065688B /* QYSystem.swift */,
			);
			path = "系统";
			sourceTree = "<group>";
		};
		63243F552589DE4B0065688B /* 指纹 */ = {
			isa = PBXGroup;
			children = (
				63243F562589DE4B0065688B /* QYTouchIDManager.swift */,
			);
			path = "指纹";
			sourceTree = "<group>";
		};
		63243F572589DE4B0065688B /* 定位 */ = {
			isa = PBXGroup;
			children = (
				63243F582589DE4B0065688B /* QYLocation.swift */,
			);
			path = "定位";
			sourceTree = "<group>";
		};
		63243F592589DE4B0065688B /* 权限 */ = {
			isa = PBXGroup;
			children = (
				63243F5A2589DE4B0065688B /* QYPermissionsDetection.swift */,
			);
			path = "权限";
			sourceTree = "<group>";
		};
		63243F5B2589DE4B0065688B /* 相机 */ = {
			isa = PBXGroup;
			children = (
				63243F5C2589DE4B0065688B /* QYCameraController.swift */,
			);
			path = "相机";
			sourceTree = "<group>";
		};
		63243F5D2589DE4B0065688B /* Resource */ = {
			isa = PBXGroup;
			children = (
				63243F5E2589DE4B0065688B /* address-code.json */,
				63243F5F2589DE4B0065688B /* Images.xcassets */,
			);
			path = Resource;
			sourceTree = "<group>";
		};
		845C6C5FD91046F093DBF41D /* Pods */ = {
			isa = PBXGroup;
			children = (
				38518928AD5ACCDA2E21AF37 /* Pods-YJSwiftKit.debug.xcconfig */,
				E70C75C4B2811F67EF626856 /* Pods-YJSwiftKit.release.xcconfig */,
				BD5365B016AE7E3E115D7980 /* Pods-QYKit.debug.xcconfig */,
				43527D8192BD4580F87ED551 /* Pods-QYKit.release.xcconfig */,
				AA48D6AEB9A67077249D2F96 /* Pods-QYKitDemo.debug.xcconfig */,
				C855F5FFC743AD93607AA5ED /* Pods-QYKitDemo.release.xcconfig */,
				C0D9F2ACF6F1074AC025C4CF /* Pods-YXKitDemo.debug.xcconfig */,
				1BEBF068CD58975CC4EF7587 /* Pods-YXKitDemo.release.xcconfig */,
				CCA3522B4CE838870EAB8F61 /* Pods-IYXKitDemo.debug.xcconfig */,
				78398B3861ED16B1DF9D9A4E /* Pods-IYXKitDemo.release.xcconfig */,
			);
			path = Pods;
			sourceTree = "<group>";
		};
/* End PBXGroup section */

/* Begin PBXNativeTarget section */
		04901FBD249CA25F0086A508 /* WYJKitDemo */ = {
			isa = PBXNativeTarget;
			buildConfigurationList = 04901FE8249CA2650086A508 /* Build configuration list for PBXNativeTarget "WYJKitDemo" */;
			buildPhases = (
				A2E50710AE7E4A34B5AE8CAB /* [CP] Check Pods Manifest.lock */,
				04901FBA249CA25F0086A508 /* Sources */,
				04901FBB249CA25F0086A508 /* Frameworks */,
				04901FBC249CA25F0086A508 /* Resources */,
				5EB32D307ABC477F31662559 /* [CP] Embed Pods Frameworks */,
			);
			buildRules = (
			);
			dependencies = (
			);
			name = WYJKitDemo;
			productName = YJSwiftKit;
			productReference = 04901FBE249CA25F0086A508 /* WYJKitDemo.app */;
			productType = "com.apple.product-type.application";
		};
		04901FD3249CA2650086A508 /* WYJKitDemoTests */ = {
			isa = PBXNativeTarget;
			buildConfigurationList = 04901FEB249CA2650086A508 /* Build configuration list for PBXNativeTarget "WYJKitDemoTests" */;
			buildPhases = (
				04901FD0249CA2650086A508 /* Sources */,
				04901FD1249CA2650086A508 /* Frameworks */,
				04901FD2249CA2650086A508 /* Resources */,
			);
			buildRules = (
			);
			dependencies = (
				04901FD6249CA2650086A508 /* PBXTargetDependency */,
			);
			name = WYJKitDemoTests;
			productName = YJSwiftKitTests;
			productReference = 04901FD4249CA2650086A508 /* WYJKitDemoTests.xctest */;
			productType = "com.apple.product-type.bundle.unit-test";
		};
		04901FDE249CA2650086A508 /* WYJKitDemoUITests */ = {
			isa = PBXNativeTarget;
			buildConfigurationList = 04901FEE249CA2650086A508 /* Build configuration list for PBXNativeTarget "WYJKitDemoUITests" */;
			buildPhases = (
				04901FDB249CA2650086A508 /* Sources */,
				04901FDC249CA2650086A508 /* Frameworks */,
				04901FDD249CA2650086A508 /* Resources */,
			);
			buildRules = (
			);
			dependencies = (
				04901FE1249CA2650086A508 /* PBXTargetDependency */,
			);
			name = WYJKitDemoUITests;
			productName = YJSwiftKitUITests;
			productReference = 04901FDF249CA2650086A508 /* WYJKitDemoUITests.xctest */;
			productType = "com.apple.product-type.bundle.ui-testing";
		};
/* End PBXNativeTarget section */

/* Begin PBXProject section */
		04901FB6249CA25F0086A508 /* Project object */ = {
			isa = PBXProject;
			attributes = {
				LastSwiftUpdateCheck = 1150;
				LastUpgradeCheck = 1200;
				ORGANIZATIONNAME = "祎";
				TargetAttributes = {
					04901FBD249CA25F0086A508 = {
						CreatedOnToolsVersion = 11.5;
					};
					04901FD3249CA2650086A508 = {
						CreatedOnToolsVersion = 11.5;
						TestTargetID = 04901FBD249CA25F0086A508;
					};
					04901FDE249CA2650086A508 = {
						CreatedOnToolsVersion = 11.5;
						TestTargetID = 04901FBD249CA25F0086A508;
					};
				};
			};
			buildConfigurationList = 04901FB9249CA25F0086A508 /* Build configuration list for PBXProject "WYJKitDemo" */;
			compatibilityVersion = "Xcode 9.3";
			developmentRegion = en;
			hasScannedForEncodings = 0;
			knownRegions = (
				en,
				Base,
			);
			mainGroup = 04901FB5249CA25F0086A508;
			productRefGroup = 04901FBF249CA25F0086A508 /* Products */;
			projectDirPath = "";
			projectRoot = "";
			targets = (
				04901FBD249CA25F0086A508 /* WYJKitDemo */,
				04901FD3249CA2650086A508 /* WYJKitDemoTests */,
				04901FDE249CA2650086A508 /* WYJKitDemoUITests */,
			);
		};
/* End PBXProject section */

/* Begin PBXResourcesBuildPhase section */
		04901FBC249CA25F0086A508 /* Resources */ = {
			isa = PBXResourcesBuildPhase;
			buildActionMask = 2147483647;
			files = (
				63243EF72589DE380065688B /* WeChat66467de1e87eb0c1de1a8add1099df0b.png in Resources */,
				63243F902589DE4B0065688B /* Images.xcassets in Resources */,
				63243F8F2589DE4B0065688B /* address-code.json in Resources */,
				63243EF62589DE380065688B /* NoData.png in Resources */,
				63243EF92589DE380065688B /* Info.plist in Resources */,
				63243EF52589DE380065688B /* Main.storyboard in Resources */,
				63243EF22589DE380065688B /* Assets.xcassets in Resources */,
				63243EF42589DE380065688B /* LaunchScreen.storyboard in Resources */,
			);
			runOnlyForDeploymentPostprocessing = 0;
		};
		04901FD2249CA2650086A508 /* Resources */ = {
			isa = PBXResourcesBuildPhase;
			buildActionMask = 2147483647;
			files = (
			);
			runOnlyForDeploymentPostprocessing = 0;
		};
		04901FDD249CA2650086A508 /* Resources */ = {
			isa = PBXResourcesBuildPhase;
			buildActionMask = 2147483647;
			files = (
			);
			runOnlyForDeploymentPostprocessing = 0;
		};
/* End PBXResourcesBuildPhase section */

/* Begin PBXShellScriptBuildPhase section */
		5EB32D307ABC477F31662559 /* [CP] Embed Pods Frameworks */ = {
			isa = PBXShellScriptBuildPhase;
			buildActionMask = 2147483647;
			files = (
			);
			inputFileListPaths = (
				"${PODS_ROOT}/Target Support Files/Pods-IYXKitDemo/Pods-IYXKitDemo-frameworks-${CONFIGURATION}-input-files.xcfilelist",
			);
			name = "[CP] Embed Pods Frameworks";
			outputFileListPaths = (
				"${PODS_ROOT}/Target Support Files/Pods-IYXKitDemo/Pods-IYXKitDemo-frameworks-${CONFIGURATION}-output-files.xcfilelist",
			);
			runOnlyForDeploymentPostprocessing = 0;
			shellPath = /bin/sh;
			shellScript = "\"${PODS_ROOT}/Target Support Files/Pods-IYXKitDemo/Pods-IYXKitDemo-frameworks.sh\"\n";
			showEnvVarsInLog = 0;
		};
		A2E50710AE7E4A34B5AE8CAB /* [CP] Check Pods Manifest.lock */ = {
			isa = PBXShellScriptBuildPhase;
			buildActionMask = 2147483647;
			files = (
			);
			inputFileListPaths = (
			);
			inputPaths = (
				"${PODS_PODFILE_DIR_PATH}/Podfile.lock",
				"${PODS_ROOT}/Manifest.lock",
			);
			name = "[CP] Check Pods Manifest.lock";
			outputFileListPaths = (
			);
			outputPaths = (
				"$(DERIVED_FILE_DIR)/Pods-IYXKitDemo-checkManifestLockResult.txt",
			);
			runOnlyForDeploymentPostprocessing = 0;
			shellPath = /bin/sh;
			shellScript = "diff \"${PODS_PODFILE_DIR_PATH}/Podfile.lock\" \"${PODS_ROOT}/Manifest.lock\" > /dev/null\nif [ $? != 0 ] ; then\n    # print error to STDERR\n    echo \"error: The sandbox is not in sync with the Podfile.lock. Run 'pod install' or update your CocoaPods installation.\" >&2\n    exit 1\nfi\n# This output is used by Xcode 'outputs' to avoid re-running this script phase.\necho \"SUCCESS\" > \"${SCRIPT_OUTPUT_FILE_0}\"\n";
			showEnvVarsInLog = 0;
		};
/* End PBXShellScriptBuildPhase section */

/* Begin PBXSourcesBuildPhase section */
		04901FBA249CA25F0086A508 /* Sources */ = {
			isa = PBXSourcesBuildPhase;
			buildActionMask = 2147483647;
			files = (
				63243F882589DE4B0065688B /* QYConfigurable.swift in Sources */,
				63243F7E2589DE4B0065688B /* QYOperation.swift in Sources */,
				63243F842589DE4B0065688B /* QYAlamofire.swift in Sources */,
				63243F602589DE4B0065688B /* QYImage.swift in Sources */,
				63243F872589DE4B0065688B /* QYPageViewController.swift in Sources */,
				63243F6D2589DE4B0065688B /* QYBaseViewController.swift in Sources */,
				63243F8C2589DE4B0065688B /* QYLocation.swift in Sources */,
				63243F762589DE4B0065688B /* QYCustomDataType.swift in Sources */,
				63243F692589DE4B0065688B /* QYTextView.swift in Sources */,
				63243F752589DE4B0065688B /* QYDispatchQueue.swift in Sources */,
				63243F682589DE4B0065688B /* QYDatePickerViewController.swift in Sources */,
				63243F802589DE4B0065688B /* QYAttributedString.swift in Sources */,
				63243F6F2589DE4B0065688B /* QYBaseNavigationController.swift in Sources */,
				63243F6B2589DE4B0065688B /* QYDevice.swift in Sources */,
				63243F812589DE4B0065688B /* QYObject.swift in Sources */,
				63243F832589DE4B0065688B /* QYJSON.swift in Sources */,
				63243F7D2589DE4B0065688B /* QYDouble.swift in Sources */,
				63243F712589DE4B0065688B /* QYBaseTableView.swift in Sources */,
				63243F622589DE4B0065688B /* QYGradientLabel.swift in Sources */,
				63243F6A2589DE4B0065688B /* QYBlockGesture.swift in Sources */,
				63243EF82589DE380065688B /* AppDelegate.swift in Sources */,
				63243F862589DE4B0065688B /* QYRegular.swift in Sources */,
				63243F612589DE4B0065688B /* QYLabel.swift in Sources */,
				63243F8B2589DE4B0065688B /* QYTouchIDManager.swift in Sources */,
				63243F852589DE4B0065688B /* QYHUD.swift in Sources */,
				63243F7B2589DE4B0065688B /* QYDictionary.swift in Sources */,
				63243F642589DE4B0065688B /* QYCountDownButton.swift in Sources */,
				63243F8E2589DE4B0065688B /* QYCameraController.swift in Sources */,
				63243EF12589DE380065688B /* ViewController.swift in Sources */,
				63243F7C2589DE4B0065688B /* QYFloat.swift in Sources */,
				63243F6C2589DE4B0065688B /* QYBaseCollectionView.swift in Sources */,
				63243F742589DE4B0065688B /* QYThen.swift in Sources */,
				63243F662589DE4B0065688B /* QYAlert.swift in Sources */,
				63243EF32589DE380065688B /* MyViewController.swift in Sources */,
				63243F7A2589DE4B0065688B /* QYInt.swift in Sources */,
				63243F702589DE4B0065688B /* QYTableViewDelegate.swift in Sources */,
				63243F732589DE4B0065688B /* QYToolManager.swift in Sources */,
				63243F8D2589DE4B0065688B /* QYPermissionsDetection.swift in Sources */,
				63243F672589DE4B0065688B /* QYView.swift in Sources */,
				63243F892589DE4B0065688B /* QYAppInfo.swift in Sources */,
				63243F772589DE4B0065688B /* QYCodable.swift in Sources */,
				63243F792589DE4B0065688B /* QYDate.swift in Sources */,
				63243F652589DE4B0065688B /* QYColor.swift in Sources */,
				63243F822589DE4B0065688B /* QYData.swift in Sources */,
				63243F722589DE4B0065688B /* QYTextField.swift in Sources */,
				63243F6E2589DE4B0065688B /* QYViewController.swift in Sources */,
				63243EF02589DE380065688B /* RSA.m in Sources */,
				63243F632589DE4B0065688B /* QYButton.swift in Sources */,
				63243F8A2589DE4B0065688B /* QYSystem.swift in Sources */,
				63243F7F2589DE4B0065688B /* QYString.swift in Sources */,
				63243F782589DE4B0065688B /* QYArray.swift in Sources */,
			);
			runOnlyForDeploymentPostprocessing = 0;
		};
		04901FD0249CA2650086A508 /* Sources */ = {
			isa = PBXSourcesBuildPhase;
			buildActionMask = 2147483647;
			files = (
			);
			runOnlyForDeploymentPostprocessing = 0;
		};
		04901FDB249CA2650086A508 /* Sources */ = {
			isa = PBXSourcesBuildPhase;
			buildActionMask = 2147483647;
			files = (
			);
			runOnlyForDeploymentPostprocessing = 0;
		};
/* End PBXSourcesBuildPhase section */

/* Begin PBXTargetDependency section */
		04901FD6249CA2650086A508 /* PBXTargetDependency */ = {
			isa = PBXTargetDependency;
			target = 04901FBD249CA25F0086A508 /* WYJKitDemo */;
			targetProxy = 04901FD5249CA2650086A508 /* PBXContainerItemProxy */;
		};
		04901FE1249CA2650086A508 /* PBXTargetDependency */ = {
			isa = PBXTargetDependency;
			target = 04901FBD249CA25F0086A508 /* WYJKitDemo */;
			targetProxy = 04901FE0249CA2650086A508 /* PBXContainerItemProxy */;
		};
/* End PBXTargetDependency section */

/* Begin PBXVariantGroup section */
		63243EE62589DE380065688B /* LaunchScreen.storyboard */ = {
			isa = PBXVariantGroup;
			children = (
				63243EE72589DE380065688B /* Base */,
			);
			name = LaunchScreen.storyboard;
			sourceTree = "<group>";
		};
		63243EE82589DE380065688B /* Main.storyboard */ = {
			isa = PBXVariantGroup;
			children = (
				63243EE92589DE380065688B /* Base */,
			);
			name = Main.storyboard;
			sourceTree = "<group>";
		};
/* End PBXVariantGroup section */

/* Begin XCBuildConfiguration section */
		04901FE6249CA2650086A508 /* Debug */ = {
			isa = XCBuildConfiguration;
			buildSettings = {
				ALWAYS_SEARCH_USER_PATHS = NO;
				CLANG_ANALYZER_NONNULL = YES;
				CLANG_ANALYZER_NUMBER_OBJECT_CONVERSION = YES_AGGRESSIVE;
				CLANG_CXX_LANGUAGE_STANDARD = "gnu++14";
				CLANG_CXX_LIBRARY = "libc++";
				CLANG_ENABLE_MODULES = YES;
				CLANG_ENABLE_OBJC_ARC = YES;
				CLANG_ENABLE_OBJC_WEAK = YES;
				CLANG_WARN_BLOCK_CAPTURE_AUTORELEASING = YES;
				CLANG_WARN_BOOL_CONVERSION = YES;
				CLANG_WARN_COMMA = YES;
				CLANG_WARN_CONSTANT_CONVERSION = YES;
				CLANG_WARN_DEPRECATED_OBJC_IMPLEMENTATIONS = YES;
				CLANG_WARN_DIRECT_OBJC_ISA_USAGE = YES_ERROR;
				CLANG_WARN_DOCUMENTATION_COMMENTS = YES;
				CLANG_WARN_EMPTY_BODY = YES;
				CLANG_WARN_ENUM_CONVERSION = YES;
				CLANG_WARN_INFINITE_RECURSION = YES;
				CLANG_WARN_INT_CONVERSION = YES;
				CLANG_WARN_NON_LITERAL_NULL_CONVERSION = YES;
				CLANG_WARN_OBJC_IMPLICIT_RETAIN_SELF = YES;
				CLANG_WARN_OBJC_LITERAL_CONVERSION = YES;
				CLANG_WARN_OBJC_ROOT_CLASS = YES_ERROR;
				CLANG_WARN_QUOTED_INCLUDE_IN_FRAMEWORK_HEADER = YES;
				CLANG_WARN_RANGE_LOOP_ANALYSIS = YES;
				CLANG_WARN_STRICT_PROTOTYPES = YES;
				CLANG_WARN_SUSPICIOUS_MOVE = YES;
				CLANG_WARN_UNGUARDED_AVAILABILITY = YES_AGGRESSIVE;
				CLANG_WARN_UNREACHABLE_CODE = YES;
				CLANG_WARN__DUPLICATE_METHOD_MATCH = YES;
				COPY_PHASE_STRIP = NO;
				DEBUG_INFORMATION_FORMAT = dwarf;
				ENABLE_STRICT_OBJC_MSGSEND = YES;
				ENABLE_TESTABILITY = YES;
				GCC_C_LANGUAGE_STANDARD = gnu11;
				GCC_DYNAMIC_NO_PIC = NO;
				GCC_NO_COMMON_BLOCKS = YES;
				GCC_OPTIMIZATION_LEVEL = 0;
				GCC_PREPROCESSOR_DEFINITIONS = (
					"DEBUG=1",
					"$(inherited)",
				);
				GCC_WARN_64_TO_32_BIT_CONVERSION = YES;
				GCC_WARN_ABOUT_RETURN_TYPE = YES_ERROR;
				GCC_WARN_UNDECLARED_SELECTOR = YES;
				GCC_WARN_UNINITIALIZED_AUTOS = YES_AGGRESSIVE;
				GCC_WARN_UNUSED_FUNCTION = YES;
				GCC_WARN_UNUSED_VARIABLE = YES;
				IPHONEOS_DEPLOYMENT_TARGET = 13.5;
				MTL_ENABLE_DEBUG_INFO = INCLUDE_SOURCE;
				MTL_FAST_MATH = YES;
				ONLY_ACTIVE_ARCH = YES;
				SDKROOT = iphoneos;
				SWIFT_ACTIVE_COMPILATION_CONDITIONS = DEBUG;
				SWIFT_OPTIMIZATION_LEVEL = "-Onone";
			};
			name = Debug;
		};
		04901FE7249CA2650086A508 /* Release */ = {
			isa = XCBuildConfiguration;
			buildSettings = {
				ALWAYS_SEARCH_USER_PATHS = NO;
				CLANG_ANALYZER_NONNULL = YES;
				CLANG_ANALYZER_NUMBER_OBJECT_CONVERSION = YES_AGGRESSIVE;
				CLANG_CXX_LANGUAGE_STANDARD = "gnu++14";
				CLANG_CXX_LIBRARY = "libc++";
				CLANG_ENABLE_MODULES = YES;
				CLANG_ENABLE_OBJC_ARC = YES;
				CLANG_ENABLE_OBJC_WEAK = YES;
				CLANG_WARN_BLOCK_CAPTURE_AUTORELEASING = YES;
				CLANG_WARN_BOOL_CONVERSION = YES;
				CLANG_WARN_COMMA = YES;
				CLANG_WARN_CONSTANT_CONVERSION = YES;
				CLANG_WARN_DEPRECATED_OBJC_IMPLEMENTATIONS = YES;
				CLANG_WARN_DIRECT_OBJC_ISA_USAGE = YES_ERROR;
				CLANG_WARN_DOCUMENTATION_COMMENTS = YES;
				CLANG_WARN_EMPTY_BODY = YES;
				CLANG_WARN_ENUM_CONVERSION = YES;
				CLANG_WARN_INFINITE_RECURSION = YES;
				CLANG_WARN_INT_CONVERSION = YES;
				CLANG_WARN_NON_LITERAL_NULL_CONVERSION = YES;
				CLANG_WARN_OBJC_IMPLICIT_RETAIN_SELF = YES;
				CLANG_WARN_OBJC_LITERAL_CONVERSION = YES;
				CLANG_WARN_OBJC_ROOT_CLASS = YES_ERROR;
				CLANG_WARN_QUOTED_INCLUDE_IN_FRAMEWORK_HEADER = YES;
				CLANG_WARN_RANGE_LOOP_ANALYSIS = YES;
				CLANG_WARN_STRICT_PROTOTYPES = YES;
				CLANG_WARN_SUSPICIOUS_MOVE = YES;
				CLANG_WARN_UNGUARDED_AVAILABILITY = YES_AGGRESSIVE;
				CLANG_WARN_UNREACHABLE_CODE = YES;
				CLANG_WARN__DUPLICATE_METHOD_MATCH = YES;
				COPY_PHASE_STRIP = NO;
				DEBUG_INFORMATION_FORMAT = "dwarf-with-dsym";
				ENABLE_NS_ASSERTIONS = NO;
				ENABLE_STRICT_OBJC_MSGSEND = YES;
				GCC_C_LANGUAGE_STANDARD = gnu11;
				GCC_NO_COMMON_BLOCKS = YES;
				GCC_WARN_64_TO_32_BIT_CONVERSION = YES;
				GCC_WARN_ABOUT_RETURN_TYPE = YES_ERROR;
				GCC_WARN_UNDECLARED_SELECTOR = YES;
				GCC_WARN_UNINITIALIZED_AUTOS = YES_AGGRESSIVE;
				GCC_WARN_UNUSED_FUNCTION = YES;
				GCC_WARN_UNUSED_VARIABLE = YES;
				IPHONEOS_DEPLOYMENT_TARGET = 13.5;
				MTL_ENABLE_DEBUG_INFO = NO;
				MTL_FAST_MATH = YES;
				SDKROOT = iphoneos;
				SWIFT_COMPILATION_MODE = wholemodule;
				SWIFT_OPTIMIZATION_LEVEL = "-O";
				VALIDATE_PRODUCT = YES;
			};
			name = Release;
		};
		04901FE9249CA2650086A508 /* Debug */ = {
			isa = XCBuildConfiguration;
			baseConfigurationReference = CCA3522B4CE838870EAB8F61 /* Pods-IYXKitDemo.debug.xcconfig */;
			buildSettings = {
				ASSETCATALOG_COMPILER_APPICON_NAME = AppIcon;
				CODE_SIGN_STYLE = Automatic;
				DEVELOPMENT_TEAM = 63X4PDHZJB;
				INFOPLIST_FILE = "$(SRCROOT)/QYKitDemo/Info.plist";
				IPHONEOS_DEPLOYMENT_TARGET = 10.0;
				LD_RUNPATH_SEARCH_PATHS = (
					"$(inherited)",
					"@executable_path/Frameworks",
				);
				PRODUCT_BUNDLE_IDENTIFIER = com.mk.QYKit;
				PRODUCT_NAME = "$(TARGET_NAME)";
				SWIFT_OBJC_BRIDGING_HEADER = "$(SRCROOT)/IYXKitDemo/IYXKit-Bridging-Header.h";
				SWIFT_VERSION = 5.0;
				TARGETED_DEVICE_FAMILY = "1,2";
			};
			name = Debug;
		};
		04901FEA249CA2650086A508 /* Release */ = {
			isa = XCBuildConfiguration;
			baseConfigurationReference = 78398B3861ED16B1DF9D9A4E /* Pods-IYXKitDemo.release.xcconfig */;
			buildSettings = {
				ASSETCATALOG_COMPILER_APPICON_NAME = AppIcon;
				CODE_SIGN_STYLE = Automatic;
				DEVELOPMENT_TEAM = 63X4PDHZJB;
				INFOPLIST_FILE = "$(SRCROOT)/QYKitDemo/Info.plist";
				IPHONEOS_DEPLOYMENT_TARGET = 10.0;
				LD_RUNPATH_SEARCH_PATHS = (
					"$(inherited)",
					"@executable_path/Frameworks",
				);
				PRODUCT_BUNDLE_IDENTIFIER = com.mk.QYKit;
				PRODUCT_NAME = "$(TARGET_NAME)";
				SWIFT_OBJC_BRIDGING_HEADER = "$(SRCROOT)/IYXKitDemo/IYXKit-Bridging-Header.h";
				SWIFT_VERSION = 5.0;
				TARGETED_DEVICE_FAMILY = "1,2";
			};
			name = Release;
		};
		04901FEC249CA2650086A508 /* Debug */ = {
			isa = XCBuildConfiguration;
			buildSettings = {
				ALWAYS_EMBED_SWIFT_STANDARD_LIBRARIES = YES;
				BUNDLE_LOADER = "$(TEST_HOST)";
				CODE_SIGN_STYLE = Automatic;
				DEVELOPMENT_TEAM = 63X4PDHZJB;
				INFOPLIST_FILE = YJSwiftKitTests/Info.plist;
				IPHONEOS_DEPLOYMENT_TARGET = 13.5;
				LD_RUNPATH_SEARCH_PATHS = (
					"$(inherited)",
					"@executable_path/Frameworks",
					"@loader_path/Frameworks",
				);
				PRODUCT_BUNDLE_IDENTIFIER = com.mk.YJSwiftKitTests;
				PRODUCT_NAME = "$(TARGET_NAME)";
				SWIFT_VERSION = 5.0;
				TARGETED_DEVICE_FAMILY = "1,2";
				TEST_HOST = "$(BUILT_PRODUCTS_DIR)/WYJKitDemo.app/WYJKitDemo";
			};
			name = Debug;
		};
		04901FED249CA2650086A508 /* Release */ = {
			isa = XCBuildConfiguration;
			buildSettings = {
				ALWAYS_EMBED_SWIFT_STANDARD_LIBRARIES = YES;
				BUNDLE_LOADER = "$(TEST_HOST)";
				CODE_SIGN_STYLE = Automatic;
				DEVELOPMENT_TEAM = 63X4PDHZJB;
				INFOPLIST_FILE = YJSwiftKitTests/Info.plist;
				IPHONEOS_DEPLOYMENT_TARGET = 13.5;
				LD_RUNPATH_SEARCH_PATHS = (
					"$(inherited)",
					"@executable_path/Frameworks",
					"@loader_path/Frameworks",
				);
				PRODUCT_BUNDLE_IDENTIFIER = com.mk.YJSwiftKitTests;
				PRODUCT_NAME = "$(TARGET_NAME)";
				SWIFT_VERSION = 5.0;
				TARGETED_DEVICE_FAMILY = "1,2";
				TEST_HOST = "$(BUILT_PRODUCTS_DIR)/WYJKitDemo.app/WYJKitDemo";
			};
			name = Release;
		};
		04901FEF249CA2650086A508 /* Debug */ = {
			isa = XCBuildConfiguration;
			buildSettings = {
				ALWAYS_EMBED_SWIFT_STANDARD_LIBRARIES = YES;
				CODE_SIGN_STYLE = Automatic;
				DEVELOPMENT_TEAM = 63X4PDHZJB;
				INFOPLIST_FILE = YJSwiftKitUITests/Info.plist;
				LD_RUNPATH_SEARCH_PATHS = (
					"$(inherited)",
					"@executable_path/Frameworks",
					"@loader_path/Frameworks",
				);
				PRODUCT_BUNDLE_IDENTIFIER = com.mk.YJSwiftKitUITests;
				PRODUCT_NAME = "$(TARGET_NAME)";
				SWIFT_VERSION = 5.0;
				TARGETED_DEVICE_FAMILY = "1,2";
				TEST_TARGET_NAME = YJSwiftKit;
			};
			name = Debug;
		};
		04901FF0249CA2650086A508 /* Release */ = {
			isa = XCBuildConfiguration;
			buildSettings = {
				ALWAYS_EMBED_SWIFT_STANDARD_LIBRARIES = YES;
				CODE_SIGN_STYLE = Automatic;
				DEVELOPMENT_TEAM = 63X4PDHZJB;
				INFOPLIST_FILE = YJSwiftKitUITests/Info.plist;
				LD_RUNPATH_SEARCH_PATHS = (
					"$(inherited)",
					"@executable_path/Frameworks",
					"@loader_path/Frameworks",
				);
				PRODUCT_BUNDLE_IDENTIFIER = com.mk.YJSwiftKitUITests;
				PRODUCT_NAME = "$(TARGET_NAME)";
				SWIFT_VERSION = 5.0;
				TARGETED_DEVICE_FAMILY = "1,2";
				TEST_TARGET_NAME = YJSwiftKit;
			};
			name = Release;
		};
/* End XCBuildConfiguration section */

/* Begin XCConfigurationList section */
		04901FB9249CA25F0086A508 /* Build configuration list for PBXProject "WYJKitDemo" */ = {
			isa = XCConfigurationList;
			buildConfigurations = (
				04901FE6249CA2650086A508 /* Debug */,
				04901FE7249CA2650086A508 /* Release */,
			);
			defaultConfigurationIsVisible = 0;
			defaultConfigurationName = Release;
		};
		04901FE8249CA2650086A508 /* Build configuration list for PBXNativeTarget "WYJKitDemo" */ = {
			isa = XCConfigurationList;
			buildConfigurations = (
				04901FE9249CA2650086A508 /* Debug */,
				04901FEA249CA2650086A508 /* Release */,
			);
			defaultConfigurationIsVisible = 0;
			defaultConfigurationName = Release;
		};
		04901FEB249CA2650086A508 /* Build configuration list for PBXNativeTarget "WYJKitDemoTests" */ = {
			isa = XCConfigurationList;
			buildConfigurations = (
				04901FEC249CA2650086A508 /* Debug */,
				04901FED249CA2650086A508 /* Release */,
			);
			defaultConfigurationIsVisible = 0;
			defaultConfigurationName = Release;
		};
		04901FEE249CA2650086A508 /* Build configuration list for PBXNativeTarget "WYJKitDemoUITests" */ = {
			isa = XCConfigurationList;
			buildConfigurations = (
				04901FEF249CA2650086A508 /* Debug */,
				04901FF0249CA2650086A508 /* Release */,
			);
			defaultConfigurationIsVisible = 0;
			defaultConfigurationName = Release;
		};
/* End XCConfigurationList section */
	};
	rootObject = 04901FB6249CA25F0086A508 /* Project object */;
}
